// !$*UTF8*$!
{
	archiveVersion = 1;
	classes = {
	};
	objectVersion = 46;
	objects = {

/* Begin PBXBuildFile section */
		882804D3196E97E5008EC4AB /* main.m in Sources */ = {isa = PBXBuildFile; fileRef = 882804D2196E97E5008EC4AB /* main.m */; };
		882804D6196E97E5008EC4AB /* AppDelegate.m in Sources */ = {isa = PBXBuildFile; fileRef = 882804D5196E97E5008EC4AB /* AppDelegate.m */; };
		882804DC196E97E5008EC4AB /* Main.storyboard in Resources */ = {isa = PBXBuildFile; fileRef = 882804DA196E97E5008EC4AB /* Main.storyboard */; };
		882804DE196E97E5008EC4AB /* Images.xcassets in Resources */ = {isa = PBXBuildFile; fileRef = 882804DD196E97E5008EC4AB /* Images.xcassets */; };
		882804EA196E97E5008EC4AB /* ThirdUnit_FirstPracticeTests.m in Sources */ = {isa = PBXBuildFile; fileRef = 882804E9196E97E5008EC4AB /* ThirdUnit_FirstPracticeTests.m */; };
		8828057A196EAA9E008EC4AB /* libCommons.a in Frameworks */ = {isa = PBXBuildFile; fileRef = 88280575196EAA8B008EC4AB /* libCommons.a */; };
		88280583196EBFD3008EC4AB /* RestaurantGuidesTableViewController.m in Sources */ = {isa = PBXBuildFile; fileRef = 88280582196EBFD3008EC4AB /* RestaurantGuidesTableViewController.m */; };
		88FFEF93196EDB9100D5D5E2 /* CreateRestaurantGuideViewController.m in Sources */ = {isa = PBXBuildFile; fileRef = 88FFEF92196EDB9100D5D5E2 /* CreateRestaurantGuideViewController.m */; };
		88FFEF97196EE84100D5D5E2 /* DetailRestauranGuideViewController.m in Sources */ = {isa = PBXBuildFile; fileRef = 88FFEF96196EE84100D5D5E2 /* DetailRestauranGuideViewController.m */; };
/* End PBXBuildFile section */

/* Begin PBXContainerItemProxy section */
		882804E4196E97E5008EC4AB /* PBXContainerItemProxy */ = {
			isa = PBXContainerItemProxy;
			containerPortal = 882804C5196E97E5008EC4AB /* Project object */;
			proxyType = 1;
			remoteGlobalIDString = 882804CC196E97E5008EC4AB;
			remoteInfo = ThirdUnit_FirstPractice;
		};
		88280574196EAA8B008EC4AB /* PBXContainerItemProxy */ = {
			isa = PBXContainerItemProxy;
			containerPortal = 8828056F196EAA8B008EC4AB /* Commons.xcodeproj */;
			proxyType = 2;
			remoteGlobalIDString = 8828052B196E984C008EC4AB;
			remoteInfo = Commons;
		};
		88280576196EAA8B008EC4AB /* PBXContainerItemProxy */ = {
			isa = PBXContainerItemProxy;
			containerPortal = 8828056F196EAA8B008EC4AB /* Commons.xcodeproj */;
			proxyType = 2;
			remoteGlobalIDString = 88280536196E984C008EC4AB;
			remoteInfo = CommonsTests;
		};
		88280578196EAA99008EC4AB /* PBXContainerItemProxy */ = {
			isa = PBXContainerItemProxy;
			containerPortal = 8828056F196EAA8B008EC4AB /* Commons.xcodeproj */;
			proxyType = 1;
			remoteGlobalIDString = 8828052A196E984C008EC4AB;
			remoteInfo = Commons;
		};
/* End PBXContainerItemProxy section */

/* Begin PBXFileReference section */
		882804CD196E97E5008EC4AB /* ThirdUnit_FirstPractice.app */ = {isa = PBXFileReference; explicitFileType = wrapper.application; includeInIndex = 0; path = ThirdUnit_FirstPractice.app; sourceTree = BUILT_PRODUCTS_DIR; };
		882804D1196E97E5008EC4AB /* Info.plist */ = {isa = PBXFileReference; lastKnownFileType = text.plist.xml; path = Info.plist; sourceTree = "<group>"; };
		882804D2196E97E5008EC4AB /* main.m */ = {isa = PBXFileReference; lastKnownFileType = sourcecode.c.objc; path = main.m; sourceTree = "<group>"; };
		882804D4196E97E5008EC4AB /* AppDelegate.h */ = {isa = PBXFileReference; lastKnownFileType = sourcecode.c.h; path = AppDelegate.h; sourceTree = "<group>"; };
		882804D5196E97E5008EC4AB /* AppDelegate.m */ = {isa = PBXFileReference; lastKnownFileType = sourcecode.c.objc; path = AppDelegate.m; sourceTree = "<group>"; };
		882804DB196E97E5008EC4AB /* Base */ = {isa = PBXFileReference; lastKnownFileType = file.storyboard; name = Base; path = Base.lproj/Main.storyboard; sourceTree = "<group>"; };
		882804DD196E97E5008EC4AB /* Images.xcassets */ = {isa = PBXFileReference; lastKnownFileType = folder.assetcatalog; path = Images.xcassets; sourceTree = "<group>"; };
		882804E3196E97E5008EC4AB /* ThirdUnit_FirstPracticeTests.xctest */ = {isa = PBXFileReference; explicitFileType = wrapper.cfbundle; includeInIndex = 0; path = ThirdUnit_FirstPracticeTests.xctest; sourceTree = BUILT_PRODUCTS_DIR; };
		882804E8196E97E5008EC4AB /* Info.plist */ = {isa = PBXFileReference; lastKnownFileType = text.plist.xml; path = Info.plist; sourceTree = "<group>"; };
		882804E9196E97E5008EC4AB /* ThirdUnit_FirstPracticeTests.m */ = {isa = PBXFileReference; lastKnownFileType = sourcecode.c.objc; path = ThirdUnit_FirstPracticeTests.m; sourceTree = "<group>"; };
		8828056F196EAA8B008EC4AB /* Commons.xcodeproj */ = {isa = PBXFileReference; lastKnownFileType = "wrapper.pb-project"; name = Commons.xcodeproj; path = ../Commons/Commons.xcodeproj; sourceTree = "<group>"; };
		88280581196EBFD3008EC4AB /* RestaurantGuidesTableViewController.h */ = {isa = PBXFileReference; fileEncoding = 4; lastKnownFileType = sourcecode.c.h; path = RestaurantGuidesTableViewController.h; sourceTree = "<group>"; };
		88280582196EBFD3008EC4AB /* RestaurantGuidesTableViewController.m */ = {isa = PBXFileReference; fileEncoding = 4; lastKnownFileType = sourcecode.c.objc; path = RestaurantGuidesTableViewController.m; sourceTree = "<group>"; };
		88FFEF91196EDB9100D5D5E2 /* CreateRestaurantGuideViewController.h */ = {isa = PBXFileReference; fileEncoding = 4; lastKnownFileType = sourcecode.c.h; path = CreateRestaurantGuideViewController.h; sourceTree = "<group>"; };
		88FFEF92196EDB9100D5D5E2 /* CreateRestaurantGuideViewController.m */ = {isa = PBXFileReference; fileEncoding = 4; lastKnownFileType = sourcecode.c.objc; path = CreateRestaurantGuideViewController.m; sourceTree = "<group>"; };
		88FFEF95196EE84100D5D5E2 /* DetailRestauranGuideViewController.h */ = {isa = PBXFileReference; fileEncoding = 4; lastKnownFileType = sourcecode.c.h; path = DetailRestauranGuideViewController.h; sourceTree = "<group>"; };
		88FFEF96196EE84100D5D5E2 /* DetailRestauranGuideViewController.m */ = {isa = PBXFileReference; fileEncoding = 4; lastKnownFileType = sourcecode.c.objc; path = DetailRestauranGuideViewController.m; sourceTree = "<group>"; };
/* End PBXFileReference section */

/* Begin PBXFrameworksBuildPhase section */
		882804CA196E97E5008EC4AB /* Frameworks */ = {
			isa = PBXFrameworksBuildPhase;
			buildActionMask = 2147483647;
			files = (
				8828057A196EAA9E008EC4AB /* libCommons.a in Frameworks */,
			);
			runOnlyForDeploymentPostprocessing = 0;
		};
		882804E0196E97E5008EC4AB /* Frameworks */ = {
			isa = PBXFrameworksBuildPhase;
			buildActionMask = 2147483647;
			files = (
			);
			runOnlyForDeploymentPostprocessing = 0;
		};
/* End PBXFrameworksBuildPhase section */

/* Begin PBXGroup section */
		882804C4196E97E5008EC4AB = {
			isa = PBXGroup;
			children = (
				8828056F196EAA8B008EC4AB /* Commons.xcodeproj */,
				882804CF196E97E5008EC4AB /* ThirdUnit_FirstPractice */,
				882804E6196E97E5008EC4AB /* ThirdUnit_FirstPracticeTests */,
				882804CE196E97E5008EC4AB /* Products */,
			);
			sourceTree = "<group>";
		};
		882804CE196E97E5008EC4AB /* Products */ = {
			isa = PBXGroup;
			children = (
				882804CD196E97E5008EC4AB /* ThirdUnit_FirstPractice.app */,
				882804E3196E97E5008EC4AB /* ThirdUnit_FirstPracticeTests.xctest */,
			);
			name = Products;
			sourceTree = "<group>";
		};
		882804CF196E97E5008EC4AB /* ThirdUnit_FirstPractice */ = {
			isa = PBXGroup;
			children = (
				88B9D6B4197289F3008F1B60 /* Views */,
				88B9D6B2197289EB008F1B60 /* Controllers */,
				882804D4196E97E5008EC4AB /* AppDelegate.h */,
				882804D5196E97E5008EC4AB /* AppDelegate.m */,
				882804DA196E97E5008EC4AB /* Main.storyboard */,
				882804DD196E97E5008EC4AB /* Images.xcassets */,
				882804D0196E97E5008EC4AB /* Supporting Files */,
			);
			path = ThirdUnit_FirstPractice;
			sourceTree = "<group>";
		};
		882804D0196E97E5008EC4AB /* Supporting Files */ = {
			isa = PBXGroup;
			children = (
				882804D1196E97E5008EC4AB /* Info.plist */,
				882804D2196E97E5008EC4AB /* main.m */,
			);
			name = "Supporting Files";
			sourceTree = "<group>";
		};
		882804E6196E97E5008EC4AB /* ThirdUnit_FirstPracticeTests */ = {
			isa = PBXGroup;
			children = (
				882804E9196E97E5008EC4AB /* ThirdUnit_FirstPracticeTests.m */,
				882804E7196E97E5008EC4AB /* Supporting Files */,
			);
			path = ThirdUnit_FirstPracticeTests;
			sourceTree = "<group>";
		};
		882804E7196E97E5008EC4AB /* Supporting Files */ = {
			isa = PBXGroup;
			children = (
				882804E8196E97E5008EC4AB /* Info.plist */,
			);
			name = "Supporting Files";
			sourceTree = "<group>";
		};
		88280570196EAA8B008EC4AB /* Products */ = {
			isa = PBXGroup;
			children = (
				88280575196EAA8B008EC4AB /* libCommons.a */,
				88280577196EAA8B008EC4AB /* CommonsTests.xctest */,
			);
			name = Products;
			sourceTree = "<group>";
		};
		88B9D6B2197289EB008F1B60 /* Controllers */ = {
			isa = PBXGroup;
			children = (
				88280581196EBFD3008EC4AB /* RestaurantGuidesTableViewController.h */,
				88280582196EBFD3008EC4AB /* RestaurantGuidesTableViewController.m */,
				88FFEF91196EDB9100D5D5E2 /* CreateRestaurantGuideViewController.h */,
				88FFEF92196EDB9100D5D5E2 /* CreateRestaurantGuideViewController.m */,
				88FFEF95196EE84100D5D5E2 /* DetailRestauranGuideViewController.h */,
				88FFEF96196EE84100D5D5E2 /* DetailRestauranGuideViewController.m */,
			);
			name = Controllers;
			sourceTree = "<group>";
		};
		88B9D6B4197289F3008F1B60 /* Views */ = {
			isa = PBXGroup;
			children = (
			);
			name = Views;
			sourceTree = "<group>";
		};
/* End PBXGroup section */

/* Begin PBXNativeTarget section */
		882804CC196E97E5008EC4AB /* ThirdUnit_FirstPractice */ = {
			isa = PBXNativeTarget;
			buildConfigurationList = 882804ED196E97E5008EC4AB /* Build configuration list for PBXNativeTarget "ThirdUnit_FirstPractice" */;
			buildPhases = (
				882804C9196E97E5008EC4AB /* Sources */,
				882804CA196E97E5008EC4AB /* Frameworks */,
				882804CB196E97E5008EC4AB /* Resources */,
			);
			buildRules = (
			);
			dependencies = (
				88280579196EAA99008EC4AB /* PBXTargetDependency */,
			);
			name = ThirdUnit_FirstPractice;
			productName = ThirdUnit_FirstPractice;
			productReference = 882804CD196E97E5008EC4AB /* ThirdUnit_FirstPractice.app */;
			productType = "com.apple.product-type.application";
		};
		882804E2196E97E5008EC4AB /* ThirdUnit_FirstPracticeTests */ = {
			isa = PBXNativeTarget;
			buildConfigurationList = 882804F0196E97E5008EC4AB /* Build configuration list for PBXNativeTarget "ThirdUnit_FirstPracticeTests" */;
			buildPhases = (
				882804DF196E97E5008EC4AB /* Sources */,
				882804E0196E97E5008EC4AB /* Frameworks */,
				882804E1196E97E5008EC4AB /* Resources */,
			);
			buildRules = (
			);
			dependencies = (
				882804E5196E97E5008EC4AB /* PBXTargetDependency */,
			);
			name = ThirdUnit_FirstPracticeTests;
			productName = ThirdUnit_FirstPracticeTests;
			productReference = 882804E3196E97E5008EC4AB /* ThirdUnit_FirstPracticeTests.xctest */;
			productType = "com.apple.product-type.bundle.unit-test";
		};
/* End PBXNativeTarget section */

/* Begin PBXProject section */
		882804C5196E97E5008EC4AB /* Project object */ = {
			isa = PBXProject;
			attributes = {
				LastUpgradeCheck = 0600;
				ORGANIZATIONNAME = Seas;
				TargetAttributes = {
					882804CC196E97E5008EC4AB = {
						CreatedOnToolsVersion = 6.0;
					};
					882804E2196E97E5008EC4AB = {
						CreatedOnToolsVersion = 6.0;
						TestTargetID = 882804CC196E97E5008EC4AB;
					};
				};
			};
			buildConfigurationList = 882804C8196E97E5008EC4AB /* Build configuration list for PBXProject "ThirdUnit_FirstPractice" */;
			compatibilityVersion = "Xcode 3.2";
			developmentRegion = English;
			hasScannedForEncodings = 0;
			knownRegions = (
				en,
				Base,
			);
			mainGroup = 882804C4196E97E5008EC4AB;
			productRefGroup = 882804CE196E97E5008EC4AB /* Products */;
			projectDirPath = "";
			projectReferences = (
				{
					ProductGroup = 88280570196EAA8B008EC4AB /* Products */;
					ProjectRef = 8828056F196EAA8B008EC4AB /* Commons.xcodeproj */;
				},
			);
			projectRoot = "";
			targets = (
				882804CC196E97E5008EC4AB /* ThirdUnit_FirstPractice */,
				882804E2196E97E5008EC4AB /* ThirdUnit_FirstPracticeTests */,
			);
		};
/* End PBXProject section */

/* Begin PBXReferenceProxy section */
		88280575196EAA8B008EC4AB /* libCommons.a */ = {
			isa = PBXReferenceProxy;
			fileType = archive.ar;
			path = libCommons.a;
			remoteRef = 88280574196EAA8B008EC4AB /* PBXContainerItemProxy */;
			sourceTree = BUILT_PRODUCTS_DIR;
		};
		88280577196EAA8B008EC4AB /* CommonsTests.xctest */ = {
			isa = PBXReferenceProxy;
			fileType = wrapper.cfbundle;
			path = CommonsTests.xctest;
			remoteRef = 88280576196EAA8B008EC4AB /* PBXContainerItemProxy */;
			sourceTree = BUILT_PRODUCTS_DIR;
		};
/* End PBXReferenceProxy section */

/* Begin PBXResourcesBuildPhase section */
		882804CB196E97E5008EC4AB /* Resources */ = {
			isa = PBXResourcesBuildPhase;
			buildActionMask = 2147483647;
			files = (
				882804DC196E97E5008EC4AB /* Main.storyboard in Resources */,
				882804DE196E97E5008EC4AB /* Images.xcassets in Resources */,
			);
			runOnlyForDeploymentPostprocessing = 0;
		};
		882804E1196E97E5008EC4AB /* Resources */ = {
			isa = PBXResourcesBuildPhase;
			buildActionMask = 2147483647;
			files = (
			);
			runOnlyForDeploymentPostprocessing = 0;
		};
/* End PBXResourcesBuildPhase section */

/* Begin PBXSourcesBuildPhase section */
		882804C9196E97E5008EC4AB /* Sources */ = {
			isa = PBXSourcesBuildPhase;
			buildActionMask = 2147483647;
			files = (
				88FFEF93196EDB9100D5D5E2 /* CreateRestaurantGuideViewController.m in Sources */,
				88FFEF97196EE84100D5D5E2 /* DetailRestauranGuideViewController.m in Sources */,
				88280583196EBFD3008EC4AB /* RestaurantGuidesTableViewController.m in Sources */,
				882804D6196E97E5008EC4AB /* AppDelegate.m in Sources */,
				882804D3196E97E5008EC4AB /* main.m in Sources */,
			);
			runOnlyForDeploymentPostprocessing = 0;
		};
		882804DF196E97E5008EC4AB /* Sources */ = {
			isa = PBXSourcesBuildPhase;
			buildActionMask = 2147483647;
			files = (
				882804EA196E97E5008EC4AB /* ThirdUnit_FirstPracticeTests.m in Sources */,
			);
			runOnlyForDeploymentPostprocessing = 0;
		};
/* End PBXSourcesBuildPhase section */

/* Begin PBXTargetDependency section */
		882804E5196E97E5008EC4AB /* PBXTargetDependency */ = {
			isa = PBXTargetDependency;
			target = 882804CC196E97E5008EC4AB /* ThirdUnit_FirstPractice */;
			targetProxy = 882804E4196E97E5008EC4AB /* PBXContainerItemProxy */;
		};
		88280579196EAA99008EC4AB /* PBXTargetDependency */ = {
			isa = PBXTargetDependency;
			name = Commons;
			targetProxy = 88280578196EAA99008EC4AB /* PBXContainerItemProxy */;
		};
/* End PBXTargetDependency section */

/* Begin PBXVariantGroup section */
		882804DA196E97E5008EC4AB /* Main.storyboard */ = {
			isa = PBXVariantGroup;
			children = (
				882804DB196E97E5008EC4AB /* Base */,
			);
			name = Main.storyboard;
			sourceTree = "<group>";
		};
/* End PBXVariantGroup section */

/* Begin XCBuildConfiguration section */
		882804EB196E97E5008EC4AB /* Debug */ = {
			isa = XCBuildConfiguration;
			buildSettings = {
				ALWAYS_SEARCH_USER_PATHS = NO;
				CLANG_CXX_LANGUAGE_STANDARD = "gnu++0x";
				CLANG_CXX_LIBRARY = "libc++";
				CLANG_ENABLE_MODULES = YES;
				CLANG_ENABLE_OBJC_ARC = YES;
				CLANG_WARN_BOOL_CONVERSION = YES;
				CLANG_WARN_CONSTANT_CONVERSION = YES;
				CLANG_WARN_DIRECT_OBJC_ISA_USAGE = YES_ERROR;
				CLANG_WARN_EMPTY_BODY = YES;
				CLANG_WARN_ENUM_CONVERSION = YES;
				CLANG_WARN_INT_CONVERSION = YES;
				CLANG_WARN_OBJC_ROOT_CLASS = YES_ERROR;
				CLANG_WARN_UNREACHABLE_CODE = YES;
				CLANG_WARN__DUPLICATE_METHOD_MATCH = YES;
				"CODE_SIGN_IDENTITY[sdk=iphoneos*]" = "iPhone Developer";
				COPY_PHASE_STRIP = NO;
				ENABLE_STRICT_OBJC_MSGSEND = YES;
				GCC_C_LANGUAGE_STANDARD = gnu99;
				GCC_DYNAMIC_NO_PIC = NO;
				GCC_OPTIMIZATION_LEVEL = 0;
				GCC_PREPROCESSOR_DEFINITIONS = (
					"DEBUG=1",
					"$(inherited)",
				);
				GCC_SYMBOLS_PRIVATE_EXTERN = NO;
				GCC_WARN_64_TO_32_BIT_CONVERSION = YES;
				GCC_WARN_ABOUT_RETURN_TYPE = YES_ERROR;
				GCC_WARN_UNDECLARED_SELECTOR = YES;
				GCC_WARN_UNINITIALIZED_AUTOS = YES_AGGRESSIVE;
				GCC_WARN_UNUSED_FUNCTION = YES;
				GCC_WARN_UNUSED_VARIABLE = YES;
				IPHONEOS_DEPLOYMENT_TARGET = 8.0;
				MTL_ENABLE_DEBUG_INFO = YES;
				ONLY_ACTIVE_ARCH = YES;
				SDKROOT = iphoneos;
			};
			name = Debug;
		};
		882804EC196E97E5008EC4AB /* Release */ = {
			isa = XCBuildConfiguration;
			buildSettings = {
				ALWAYS_SEARCH_USER_PATHS = NO;
				CLANG_CXX_LANGUAGE_STANDARD = "gnu++0x";
				CLANG_CXX_LIBRARY = "libc++";
				CLANG_ENABLE_MODULES = YES;
				CLANG_ENABLE_OBJC_ARC = YES;
				CLANG_WARN_BOOL_CONVERSION = YES;
				CLANG_WARN_CONSTANT_CONVERSION = YES;
				CLANG_WARN_DIRECT_OBJC_ISA_USAGE = YES_ERROR;
				CLANG_WARN_EMPTY_BODY = YES;
				CLANG_WARN_ENUM_CONVERSION = YES;
				CLANG_WARN_INT_CONVERSION = YES;
				CLANG_WARN_OBJC_ROOT_CLASS = YES_ERROR;
				CLANG_WARN_UNREACHABLE_CODE = YES;
				CLANG_WARN__DUPLICATE_METHOD_MATCH = YES;
				"CODE_SIGN_IDENTITY[sdk=iphoneos*]" = "iPhone Developer";
				COPY_PHASE_STRIP = YES;
				ENABLE_NS_ASSERTIONS = NO;
				ENABLE_STRICT_OBJC_MSGSEND = YES;
				GCC_C_LANGUAGE_STANDARD = gnu99;
				GCC_WARN_64_TO_32_BIT_CONVERSION = YES;
				GCC_WARN_ABOUT_RETURN_TYPE = YES_ERROR;
				GCC_WARN_UNDECLARED_SELECTOR = YES;
				GCC_WARN_UNINITIALIZED_AUTOS = YES_AGGRESSIVE;
				GCC_WARN_UNUSED_FUNCTION = YES;
				GCC_WARN_UNUSED_VARIABLE = YES;
				IPHONEOS_DEPLOYMENT_TARGET = 8.0;
				MTL_ENABLE_DEBUG_INFO = NO;
				SDKROOT = iphoneos;
				VALIDATE_PRODUCT = YES;
			};
			name = Release;
		};
		882804EE196E97E5008EC4AB /* Debug */ = {
			isa = XCBuildConfiguration;
			buildSettings = {
				ASSETCATALOG_COMPILER_APPICON_NAME = AppIcon;
				ASSETCATALOG_COMPILER_LAUNCHIMAGE_NAME = LaunchImage;
				INFOPLIST_FILE = ThirdUnit_FirstPractice/Info.plist;
				IPHONEOS_DEPLOYMENT_TARGET = 7.0;
				LD_RUNPATH_SEARCH_PATHS = "$(inherited) @executable_path/Frameworks";
				OTHER_LDFLAGS = "-ObjC";
				PRODUCT_NAME = "$(TARGET_NAME)";
			};
			name = Debug;
		};
		882804EF196E97E5008EC4AB /* Release */ = {
			isa = XCBuildConfiguration;
			buildSettings = {
				ASSETCATALOG_COMPILER_APPICON_NAME = AppIcon;
				ASSETCATALOG_COMPILER_LAUNCHIMAGE_NAME = LaunchImage;
				INFOPLIST_FILE = ThirdUnit_FirstPractice/Info.plist;
				IPHONEOS_DEPLOYMENT_TARGET = 7.0;
				LD_RUNPATH_SEARCH_PATHS = "$(inherited) @executable_path/Frameworks";
				OTHER_LDFLAGS = "-ObjC";
				PRODUCT_NAME = "$(TARGET_NAME)";
			};
			name = Release;
		};
		882804F1196E97E5008EC4AB /* Debug */ = {
			isa = XCBuildConfiguration;
			buildSettings = {
				BUNDLE_LOADER = "$(BUILT_PRODUCTS_DIR)/ThirdUnit_FirstPractice.app/ThirdUnit_FirstPractice";
				FRAMEWORK_SEARCH_PATHS = (
					"$(SDKROOT)/Developer/Library/Frameworks",
					"$(inherited)",
				);
				GCC_PREPROCESSOR_DEFINITIONS = (
					"DEBUG=1",
					"$(inherited)",
				);
				INFOPLIST_FILE = ThirdUnit_FirstPracticeTests/Info.plist;
				LD_RUNPATH_SEARCH_PATHS = "$(inherited) @executable_path/Frameworks @loader_path/Frameworks";
				PRODUCT_NAME = "$(TARGET_NAME)";
				TEST_HOST = "$(BUNDLE_LOADER)";
			};
			name = Debug;
		};
		882804F2196E97E5008EC4AB /* Release */ = {
			isa = XCBuildConfiguration;
			buildSettings = {
				BUNDLE_LOADER = "$(BUILT_PRODUCTS_DIR)/ThirdUnit_FirstPractice.app/ThirdUnit_FirstPractice";
				FRAMEWORK_SEARCH_PATHS = (
					"$(SDKROOT)/Developer/Library/Frameworks",
					"$(inherited)",
				);
				INFOPLIST_FILE = ThirdUnit_FirstPracticeTests/Info.plist;
				LD_RUNPATH_SEARCH_PATHS = "$(inherited) @executable_path/Frameworks @loader_path/Frameworks";
				PRODUCT_NAME = "$(TARGET_NAME)";
				TEST_HOST = "$(BUNDLE_LOADER)";
			};
			name = Release;
		};
/* End XCBuildConfiguration section */

/* Begin XCConfigurationList section */
		882804C8196E97E5008EC4AB /* Build configuration list for PBXProject "ThirdUnit_FirstPractice" */ = {
			isa = XCConfigurationList;
			buildConfigurations = (
				882804EB196E97E5008EC4AB /* Debug */,
				882804EC196E97E5008EC4AB /* Release */,
			);
			defaultConfigurationIsVisible = 0;
			defaultConfigurationName = Release;
		};
		882804ED196E97E5008EC4AB /* Build configuration list for PBXNativeTarget "ThirdUnit_FirstPractice" */ = {
			isa = XCConfigurationList;
			buildConfigurations = (
				882804EE196E97E5008EC4AB /* Debug */,
				882804EF196E97E5008EC4AB /* Release */,
			);
			defaultConfigurationIsVisible = 0;
			defaultConfigurationName = Release;
		};
		882804F0196E97E5008EC4AB /* Build configuration list for PBXNativeTarget "ThirdUnit_FirstPracticeTests" */ = {
			isa = XCConfigurationList;
			buildConfigurations = (
				882804F1196E97E5008EC4AB /* Debug */,
				882804F2196E97E5008EC4AB /* Release */,
			);
			defaultConfigurationIsVisible = 0;
			defaultConfigurationName = Release;
		};
/* End XCConfigurationList section */
	};
	rootObject = 882804C5196E97E5008EC4AB /* Project object */;
}
