// !$*UTF8*$!
{
	archiveVersion = 1;
	classes = {
	};
	objectVersion = 46;
	objects = {

/* Begin PBXBuildFile section */
		881DB842196FE87A004E3354 /* main.m in Sources */ = {isa = PBXBuildFile; fileRef = 881DB841196FE87A004E3354 /* main.m */; };
		881DB845196FE87A004E3354 /* AppDelegate.m in Sources */ = {isa = PBXBuildFile; fileRef = 881DB844196FE87A004E3354 /* AppDelegate.m */; };
		881DB848196FE87A004E3354 /* ViewController.m in Sources */ = {isa = PBXBuildFile; fileRef = 881DB847196FE87A004E3354 /* ViewController.m */; };
		881DB84B196FE87A004E3354 /* Main.storyboard in Resources */ = {isa = PBXBuildFile; fileRef = 881DB849196FE87A004E3354 /* Main.storyboard */; };
		881DB84D196FE87A004E3354 /* Images.xcassets in Resources */ = {isa = PBXBuildFile; fileRef = 881DB84C196FE87A004E3354 /* Images.xcassets */; };
		881DB859196FE87A004E3354 /* FourUnit_SecondPracticeTests.m in Sources */ = {isa = PBXBuildFile; fileRef = 881DB858196FE87A004E3354 /* FourUnit_SecondPracticeTests.m */; };
/* End PBXBuildFile section */

/* Begin PBXContainerItemProxy section */
		881DB853196FE87A004E3354 /* PBXContainerItemProxy */ = {
			isa = PBXContainerItemProxy;
			containerPortal = 881DB834196FE87A004E3354 /* Project object */;
			proxyType = 1;
			remoteGlobalIDString = 881DB83B196FE87A004E3354;
			remoteInfo = FourUnit_SecondPractice;
		};
/* End PBXContainerItemProxy section */

/* Begin PBXFileReference section */
		881DB83C196FE87A004E3354 /* FourUnit_SecondPractice.app */ = {isa = PBXFileReference; explicitFileType = wrapper.application; includeInIndex = 0; path = FourUnit_SecondPractice.app; sourceTree = BUILT_PRODUCTS_DIR; };
		881DB840196FE87A004E3354 /* Info.plist */ = {isa = PBXFileReference; lastKnownFileType = text.plist.xml; path = Info.plist; sourceTree = "<group>"; };
		881DB841196FE87A004E3354 /* main.m */ = {isa = PBXFileReference; lastKnownFileType = sourcecode.c.objc; path = main.m; sourceTree = "<group>"; };
		881DB843196FE87A004E3354 /* AppDelegate.h */ = {isa = PBXFileReference; lastKnownFileType = sourcecode.c.h; path = AppDelegate.h; sourceTree = "<group>"; };
		881DB844196FE87A004E3354 /* AppDelegate.m */ = {isa = PBXFileReference; lastKnownFileType = sourcecode.c.objc; path = AppDelegate.m; sourceTree = "<group>"; };
		881DB846196FE87A004E3354 /* ViewController.h */ = {isa = PBXFileReference; lastKnownFileType = sourcecode.c.h; path = ViewController.h; sourceTree = "<group>"; };
		881DB847196FE87A004E3354 /* ViewController.m */ = {isa = PBXFileReference; lastKnownFileType = sourcecode.c.objc; path = ViewController.m; sourceTree = "<group>"; };
		881DB84A196FE87A004E3354 /* Base */ = {isa = PBXFileReference; lastKnownFileType = file.storyboard; name = Base; path = Base.lproj/Main.storyboard; sourceTree = "<group>"; };
		881DB84C196FE87A004E3354 /* Images.xcassets */ = {isa = PBXFileReference; lastKnownFileType = folder.assetcatalog; path = Images.xcassets; sourceTree = "<group>"; };
		881DB852196FE87A004E3354 /* FourUnit_SecondPracticeTests.xctest */ = {isa = PBXFileReference; explicitFileType = wrapper.cfbundle; includeInIndex = 0; path = FourUnit_SecondPracticeTests.xctest; sourceTree = BUILT_PRODUCTS_DIR; };
		881DB857196FE87A004E3354 /* Info.plist */ = {isa = PBXFileReference; lastKnownFileType = text.plist.xml; path = Info.plist; sourceTree = "<group>"; };
		881DB858196FE87A004E3354 /* FourUnit_SecondPracticeTests.m */ = {isa = PBXFileReference; lastKnownFileType = sourcecode.c.objc; path = FourUnit_SecondPracticeTests.m; sourceTree = "<group>"; };
/* End PBXFileReference section */

/* Begin PBXFrameworksBuildPhase section */
		881DB839196FE87A004E3354 /* Frameworks */ = {
			isa = PBXFrameworksBuildPhase;
			buildActionMask = 2147483647;
			files = (
			);
			runOnlyForDeploymentPostprocessing = 0;
		};
		881DB84F196FE87A004E3354 /* Frameworks */ = {
			isa = PBXFrameworksBuildPhase;
			buildActionMask = 2147483647;
			files = (
			);
			runOnlyForDeploymentPostprocessing = 0;
		};
/* End PBXFrameworksBuildPhase section */

/* Begin PBXGroup section */
		881DB833196FE87A004E3354 = {
			isa = PBXGroup;
			children = (
				881DB83E196FE87A004E3354 /* FourUnit_SecondPractice */,
				881DB855196FE87A004E3354 /* FourUnit_SecondPracticeTests */,
				881DB83D196FE87A004E3354 /* Products */,
			);
			sourceTree = "<group>";
		};
		881DB83D196FE87A004E3354 /* Products */ = {
			isa = PBXGroup;
			children = (
				881DB83C196FE87A004E3354 /* FourUnit_SecondPractice.app */,
				881DB852196FE87A004E3354 /* FourUnit_SecondPracticeTests.xctest */,
			);
			name = Products;
			sourceTree = "<group>";
		};
		881DB83E196FE87A004E3354 /* FourUnit_SecondPractice */ = {
			isa = PBXGroup;
			children = (
				881DB843196FE87A004E3354 /* AppDelegate.h */,
				881DB844196FE87A004E3354 /* AppDelegate.m */,
				881DB846196FE87A004E3354 /* ViewController.h */,
				881DB847196FE87A004E3354 /* ViewController.m */,
				881DB849196FE87A004E3354 /* Main.storyboard */,
				881DB84C196FE87A004E3354 /* Images.xcassets */,
				881DB83F196FE87A004E3354 /* Supporting Files */,
			);
			path = FourUnit_SecondPractice;
			sourceTree = "<group>";
		};
		881DB83F196FE87A004E3354 /* Supporting Files */ = {
			isa = PBXGroup;
			children = (
				881DB840196FE87A004E3354 /* Info.plist */,
				881DB841196FE87A004E3354 /* main.m */,
			);
			name = "Supporting Files";
			sourceTree = "<group>";
		};
		881DB855196FE87A004E3354 /* FourUnit_SecondPracticeTests */ = {
			isa = PBXGroup;
			children = (
				881DB858196FE87A004E3354 /* FourUnit_SecondPracticeTests.m */,
				881DB856196FE87A004E3354 /* Supporting Files */,
			);
			path = FourUnit_SecondPracticeTests;
			sourceTree = "<group>";
		};
		881DB856196FE87A004E3354 /* Supporting Files */ = {
			isa = PBXGroup;
			children = (
				881DB857196FE87A004E3354 /* Info.plist */,
			);
			name = "Supporting Files";
			sourceTree = "<group>";
		};
/* End PBXGroup section */

/* Begin PBXNativeTarget section */
		881DB83B196FE87A004E3354 /* FourUnit_SecondPractice */ = {
			isa = PBXNativeTarget;
			buildConfigurationList = 881DB85C196FE87A004E3354 /* Build configuration list for PBXNativeTarget "FourUnit_SecondPractice" */;
			buildPhases = (
				881DB838196FE87A004E3354 /* Sources */,
				881DB839196FE87A004E3354 /* Frameworks */,
				881DB83A196FE87A004E3354 /* Resources */,
			);
			buildRules = (
			);
			dependencies = (
			);
			name = FourUnit_SecondPractice;
			productName = FourUnit_SecondPractice;
			productReference = 881DB83C196FE87A004E3354 /* FourUnit_SecondPractice.app */;
			productType = "com.apple.product-type.application";
		};
		881DB851196FE87A004E3354 /* FourUnit_SecondPracticeTests */ = {
			isa = PBXNativeTarget;
			buildConfigurationList = 881DB85F196FE87A004E3354 /* Build configuration list for PBXNativeTarget "FourUnit_SecondPracticeTests" */;
			buildPhases = (
				881DB84E196FE87A004E3354 /* Sources */,
				881DB84F196FE87A004E3354 /* Frameworks */,
				881DB850196FE87A004E3354 /* Resources */,
			);
			buildRules = (
			);
			dependencies = (
				881DB854196FE87A004E3354 /* PBXTargetDependency */,
			);
			name = FourUnit_SecondPracticeTests;
			productName = FourUnit_SecondPracticeTests;
			productReference = 881DB852196FE87A004E3354 /* FourUnit_SecondPracticeTests.xctest */;
			productType = "com.apple.product-type.bundle.unit-test";
		};
/* End PBXNativeTarget section */

/* Begin PBXProject section */
		881DB834196FE87A004E3354 /* Project object */ = {
			isa = PBXProject;
			attributes = {
				LastUpgradeCheck = 0600;
				ORGANIZATIONNAME = Seas;
				TargetAttributes = {
					881DB83B196FE87A004E3354 = {
						CreatedOnToolsVersion = 6.0;
					};
					881DB851196FE87A004E3354 = {
						CreatedOnToolsVersion = 6.0;
						TestTargetID = 881DB83B196FE87A004E3354;
					};
				};
			};
			buildConfigurationList = 881DB837196FE87A004E3354 /* Build configuration list for PBXProject "FourUnit_SecondPractice" */;
			compatibilityVersion = "Xcode 3.2";
			developmentRegion = English;
			hasScannedForEncodings = 0;
			knownRegions = (
				en,
				Base,
			);
			mainGroup = 881DB833196FE87A004E3354;
			productRefGroup = 881DB83D196FE87A004E3354 /* Products */;
			projectDirPath = "";
			projectRoot = "";
			targets = (
				881DB83B196FE87A004E3354 /* FourUnit_SecondPractice */,
				881DB851196FE87A004E3354 /* FourUnit_SecondPracticeTests */,
			);
		};
/* End PBXProject section */

/* Begin PBXResourcesBuildPhase section */
		881DB83A196FE87A004E3354 /* Resources */ = {
			isa = PBXResourcesBuildPhase;
			buildActionMask = 2147483647;
			files = (
				881DB84B196FE87A004E3354 /* Main.storyboard in Resources */,
				881DB84D196FE87A004E3354 /* Images.xcassets in Resources */,
			);
			runOnlyForDeploymentPostprocessing = 0;
		};
		881DB850196FE87A004E3354 /* Resources */ = {
			isa = PBXResourcesBuildPhase;
			buildActionMask = 2147483647;
			files = (
			);
			runOnlyForDeploymentPostprocessing = 0;
		};
/* End PBXResourcesBuildPhase section */

/* Begin PBXSourcesBuildPhase section */
		881DB838196FE87A004E3354 /* Sources */ = {
			isa = PBXSourcesBuildPhase;
			buildActionMask = 2147483647;
			files = (
				881DB848196FE87A004E3354 /* ViewController.m in Sources */,
				881DB845196FE87A004E3354 /* AppDelegate.m in Sources */,
				881DB842196FE87A004E3354 /* main.m in Sources */,
			);
			runOnlyForDeploymentPostprocessing = 0;
		};
		881DB84E196FE87A004E3354 /* Sources */ = {
			isa = PBXSourcesBuildPhase;
			buildActionMask = 2147483647;
			files = (
				881DB859196FE87A004E3354 /* FourUnit_SecondPracticeTests.m in Sources */,
			);
			runOnlyForDeploymentPostprocessing = 0;
		};
/* End PBXSourcesBuildPhase section */

/* Begin PBXTargetDependency section */
		881DB854196FE87A004E3354 /* PBXTargetDependency */ = {
			isa = PBXTargetDependency;
			target = 881DB83B196FE87A004E3354 /* FourUnit_SecondPractice */;
			targetProxy = 881DB853196FE87A004E3354 /* PBXContainerItemProxy */;
		};
/* End PBXTargetDependency section */

/* Begin PBXVariantGroup section */
		881DB849196FE87A004E3354 /* Main.storyboard */ = {
			isa = PBXVariantGroup;
			children = (
				881DB84A196FE87A004E3354 /* Base */,
			);
			name = Main.storyboard;
			sourceTree = "<group>";
		};
/* End PBXVariantGroup section */

/* Begin XCBuildConfiguration section */
		881DB85A196FE87A004E3354 /* Debug */ = {
			isa = XCBuildConfiguration;
			buildSettings = {
				ALWAYS_SEARCH_USER_PATHS = NO;
				CLANG_CXX_LANGUAGE_STANDARD = "gnu++0x";
				CLANG_CXX_LIBRARY = "libc++";
				CLANG_ENABLE_MODULES = YES;
				CLANG_ENABLE_OBJC_ARC = YES;
				CLANG_WARN_BOOL_CONVERSION = YES;
				CLANG_WARN_CONSTANT_CONVERSION = YES;
				CLANG_WARN_DIRECT_OBJC_ISA_USAGE = YES_ERROR;
				CLANG_WARN_EMPTY_BODY = YES;
				CLANG_WARN_ENUM_CONVERSION = YES;
				CLANG_WARN_INT_CONVERSION = YES;
				CLANG_WARN_OBJC_ROOT_CLASS = YES_ERROR;
				CLANG_WARN_UNREACHABLE_CODE = YES;
				CLANG_WARN__DUPLICATE_METHOD_MATCH = YES;
				"CODE_SIGN_IDENTITY[sdk=iphoneos*]" = "iPhone Developer";
				COPY_PHASE_STRIP = NO;
				ENABLE_STRICT_OBJC_MSGSEND = YES;
				GCC_C_LANGUAGE_STANDARD = gnu99;
				GCC_DYNAMIC_NO_PIC = NO;
				GCC_OPTIMIZATION_LEVEL = 0;
				GCC_PREPROCESSOR_DEFINITIONS = (
					"DEBUG=1",
					"$(inherited)",
				);
				GCC_SYMBOLS_PRIVATE_EXTERN = NO;
				GCC_WARN_64_TO_32_BIT_CONVERSION = YES;
				GCC_WARN_ABOUT_RETURN_TYPE = YES_ERROR;
				GCC_WARN_UNDECLARED_SELECTOR = YES;
				GCC_WARN_UNINITIALIZED_AUTOS = YES_AGGRESSIVE;
				GCC_WARN_UNUSED_FUNCTION = YES;
				GCC_WARN_UNUSED_VARIABLE = YES;
				IPHONEOS_DEPLOYMENT_TARGET = 8.0;
				MTL_ENABLE_DEBUG_INFO = YES;
				ONLY_ACTIVE_ARCH = YES;
				SDKROOT = iphoneos;
			};
			name = Debug;
		};
		881DB85B196FE87A004E3354 /* Release */ = {
			isa = XCBuildConfiguration;
			buildSettings = {
				ALWAYS_SEARCH_USER_PATHS = NO;
				CLANG_CXX_LANGUAGE_STANDARD = "gnu++0x";
				CLANG_CXX_LIBRARY = "libc++";
				CLANG_ENABLE_MODULES = YES;
				CLANG_ENABLE_OBJC_ARC = YES;
				CLANG_WARN_BOOL_CONVERSION = YES;
				CLANG_WARN_CONSTANT_CONVERSION = YES;
				CLANG_WARN_DIRECT_OBJC_ISA_USAGE = YES_ERROR;
				CLANG_WARN_EMPTY_BODY = YES;
				CLANG_WARN_ENUM_CONVERSION = YES;
				CLANG_WARN_INT_CONVERSION = YES;
				CLANG_WARN_OBJC_ROOT_CLASS = YES_ERROR;
				CLANG_WARN_UNREACHABLE_CODE = YES;
				CLANG_WARN__DUPLICATE_METHOD_MATCH = YES;
				"CODE_SIGN_IDENTITY[sdk=iphoneos*]" = "iPhone Developer";
				COPY_PHASE_STRIP = YES;
				ENABLE_NS_ASSERTIONS = NO;
				ENABLE_STRICT_OBJC_MSGSEND = YES;
				GCC_C_LANGUAGE_STANDARD = gnu99;
				GCC_WARN_64_TO_32_BIT_CONVERSION = YES;
				GCC_WARN_ABOUT_RETURN_TYPE = YES_ERROR;
				GCC_WARN_UNDECLARED_SELECTOR = YES;
				GCC_WARN_UNINITIALIZED_AUTOS = YES_AGGRESSIVE;
				GCC_WARN_UNUSED_FUNCTION = YES;
				GCC_WARN_UNUSED_VARIABLE = YES;
				IPHONEOS_DEPLOYMENT_TARGET = 8.0;
				MTL_ENABLE_DEBUG_INFO = NO;
				SDKROOT = iphoneos;
				VALIDATE_PRODUCT = YES;
			};
			name = Release;
		};
		881DB85D196FE87A004E3354 /* Debug */ = {
			isa = XCBuildConfiguration;
			buildSettings = {
				ASSETCATALOG_COMPILER_APPICON_NAME = AppIcon;
				ASSETCATALOG_COMPILER_LAUNCHIMAGE_NAME = LaunchImage;
				INFOPLIST_FILE = FourUnit_SecondPractice/Info.plist;
				LD_RUNPATH_SEARCH_PATHS = "$(inherited) @executable_path/Frameworks";
				PRODUCT_NAME = "$(TARGET_NAME)";
			};
			name = Debug;
		};
		881DB85E196FE87A004E3354 /* Release */ = {
			isa = XCBuildConfiguration;
			buildSettings = {
				ASSETCATALOG_COMPILER_APPICON_NAME = AppIcon;
				ASSETCATALOG_COMPILER_LAUNCHIMAGE_NAME = LaunchImage;
				INFOPLIST_FILE = FourUnit_SecondPractice/Info.plist;
				LD_RUNPATH_SEARCH_PATHS = "$(inherited) @executable_path/Frameworks";
				PRODUCT_NAME = "$(TARGET_NAME)";
			};
			name = Release;
		};
		881DB860196FE87A004E3354 /* Debug */ = {
			isa = XCBuildConfiguration;
			buildSettings = {
				BUNDLE_LOADER = "$(BUILT_PRODUCTS_DIR)/FourUnit_SecondPractice.app/FourUnit_SecondPractice";
				FRAMEWORK_SEARCH_PATHS = (
					"$(SDKROOT)/Developer/Library/Frameworks",
					"$(inherited)",
				);
				GCC_PREPROCESSOR_DEFINITIONS = (
					"DEBUG=1",
					"$(inherited)",
				);
				INFOPLIST_FILE = FourUnit_SecondPracticeTests/Info.plist;
				LD_RUNPATH_SEARCH_PATHS = "$(inherited) @executable_path/Frameworks @loader_path/Frameworks";
				PRODUCT_NAME = "$(TARGET_NAME)";
				TEST_HOST = "$(BUNDLE_LOADER)";
			};
			name = Debug;
		};
		881DB861196FE87A004E3354 /* Release */ = {
			isa = XCBuildConfiguration;
			buildSettings = {
				BUNDLE_LOADER = "$(BUILT_PRODUCTS_DIR)/FourUnit_SecondPractice.app/FourUnit_SecondPractice";
				FRAMEWORK_SEARCH_PATHS = (
					"$(SDKROOT)/Developer/Library/Frameworks",
					"$(inherited)",
				);
				INFOPLIST_FILE = FourUnit_SecondPracticeTests/Info.plist;
				LD_RUNPATH_SEARCH_PATHS = "$(inherited) @executable_path/Frameworks @loader_path/Frameworks";
				PRODUCT_NAME = "$(TARGET_NAME)";
				TEST_HOST = "$(BUNDLE_LOADER)";
			};
			name = Release;
		};
/* End XCBuildConfiguration section */

/* Begin XCConfigurationList section */
		881DB837196FE87A004E3354 /* Build configuration list for PBXProject "FourUnit_SecondPractice" */ = {
			isa = XCConfigurationList;
			buildConfigurations = (
				881DB85A196FE87A004E3354 /* Debug */,
				881DB85B196FE87A004E3354 /* Release */,
			);
			defaultConfigurationIsVisible = 0;
			defaultConfigurationName = Release;
		};
		881DB85C196FE87A004E3354 /* Build configuration list for PBXNativeTarget "FourUnit_SecondPractice" */ = {
			isa = XCConfigurationList;
			buildConfigurations = (
				881DB85D196FE87A004E3354 /* Debug */,
				881DB85E196FE87A004E3354 /* Release */,
			);
			defaultConfigurationIsVisible = 0;
		};
		881DB85F196FE87A004E3354 /* Build configuration list for PBXNativeTarget "FourUnit_SecondPracticeTests" */ = {
			isa = XCConfigurationList;
			buildConfigurations = (
				881DB860196FE87A004E3354 /* Debug */,
				881DB861196FE87A004E3354 /* Release */,
			);
			defaultConfigurationIsVisible = 0;
		};
/* End XCConfigurationList section */
	};
	rootObject = 881DB834196FE87A004E3354 /* Project object */;
}
