// !$*UTF8*$!
{
	archiveVersion = 1;
	classes = {
	};
	objectVersion = 46;
	objects = {

/* Begin PBXBuildFile section */
		881C542D196F4DA400B5BBC9 /* main.m in Sources */ = {isa = PBXBuildFile; fileRef = 881C542C196F4DA400B5BBC9 /* main.m */; };
		881C5430196F4DA400B5BBC9 /* AppDelegate.m in Sources */ = {isa = PBXBuildFile; fileRef = 881C542F196F4DA400B5BBC9 /* AppDelegate.m */; };
		881C5436196F4DA400B5BBC9 /* Main.storyboard in Resources */ = {isa = PBXBuildFile; fileRef = 881C5434196F4DA400B5BBC9 /* Main.storyboard */; };
		881C5438196F4DA400B5BBC9 /* Images.xcassets in Resources */ = {isa = PBXBuildFile; fileRef = 881C5437196F4DA400B5BBC9 /* Images.xcassets */; };
		881C5444196F4DA400B5BBC9 /* FourUnit_FirstPracticeTests.m in Sources */ = {isa = PBXBuildFile; fileRef = 881C5443196F4DA400B5BBC9 /* FourUnit_FirstPracticeTests.m */; };
		881C5453196F4E0000B5BBC9 /* RestaurantGuidesTableViewController.m in Sources */ = {isa = PBXBuildFile; fileRef = 881C544E196F4E0000B5BBC9 /* RestaurantGuidesTableViewController.m */; };
		881C5454196F4E0000B5BBC9 /* CreateRestaurantGuideViewController.m in Sources */ = {isa = PBXBuildFile; fileRef = 881C5450196F4E0000B5BBC9 /* CreateRestaurantGuideViewController.m */; };
		881C5455196F4E0000B5BBC9 /* DetailRestauranGuideViewController.m in Sources */ = {isa = PBXBuildFile; fileRef = 881C5452196F4E0000B5BBC9 /* DetailRestauranGuideViewController.m */; };
		881C5461196F558900B5BBC9 /* libCommons.a in Frameworks */ = {isa = PBXBuildFile; fileRef = 881C545C196F557A00B5BBC9 /* libCommons.a */; };
/* End PBXBuildFile section */

/* Begin PBXContainerItemProxy section */
		881C543E196F4DA400B5BBC9 /* PBXContainerItemProxy */ = {
			isa = PBXContainerItemProxy;
			containerPortal = 881C541F196F4DA400B5BBC9 /* Project object */;
			proxyType = 1;
			remoteGlobalIDString = 881C5426196F4DA400B5BBC9;
			remoteInfo = FourUnit_FirstPractice;
		};
		881C545B196F557A00B5BBC9 /* PBXContainerItemProxy */ = {
			isa = PBXContainerItemProxy;
			containerPortal = 881C5456196F557A00B5BBC9 /* Commons.xcodeproj */;
			proxyType = 2;
			remoteGlobalIDString = 8828052B196E984C008EC4AB;
			remoteInfo = Commons;
		};
		881C545D196F557A00B5BBC9 /* PBXContainerItemProxy */ = {
			isa = PBXContainerItemProxy;
			containerPortal = 881C5456196F557A00B5BBC9 /* Commons.xcodeproj */;
			proxyType = 2;
			remoteGlobalIDString = 88280536196E984C008EC4AB;
			remoteInfo = CommonsTests;
		};
		881C545F196F558400B5BBC9 /* PBXContainerItemProxy */ = {
			isa = PBXContainerItemProxy;
			containerPortal = 881C5456196F557A00B5BBC9 /* Commons.xcodeproj */;
			proxyType = 1;
			remoteGlobalIDString = 8828052A196E984C008EC4AB;
			remoteInfo = Commons;
		};
/* End PBXContainerItemProxy section */

/* Begin PBXFileReference section */
		881C5427196F4DA400B5BBC9 /* FourUnit_FirstPractice.app */ = {isa = PBXFileReference; explicitFileType = wrapper.application; includeInIndex = 0; path = FourUnit_FirstPractice.app; sourceTree = BUILT_PRODUCTS_DIR; };
		881C542B196F4DA400B5BBC9 /* Info.plist */ = {isa = PBXFileReference; lastKnownFileType = text.plist.xml; path = Info.plist; sourceTree = "<group>"; };
		881C542C196F4DA400B5BBC9 /* main.m */ = {isa = PBXFileReference; lastKnownFileType = sourcecode.c.objc; path = main.m; sourceTree = "<group>"; };
		881C542E196F4DA400B5BBC9 /* AppDelegate.h */ = {isa = PBXFileReference; lastKnownFileType = sourcecode.c.h; path = AppDelegate.h; sourceTree = "<group>"; };
		881C542F196F4DA400B5BBC9 /* AppDelegate.m */ = {isa = PBXFileReference; lastKnownFileType = sourcecode.c.objc; path = AppDelegate.m; sourceTree = "<group>"; };
		881C5435196F4DA400B5BBC9 /* Base */ = {isa = PBXFileReference; lastKnownFileType = file.storyboard; name = Base; path = Base.lproj/Main.storyboard; sourceTree = "<group>"; };
		881C5437196F4DA400B5BBC9 /* Images.xcassets */ = {isa = PBXFileReference; lastKnownFileType = folder.assetcatalog; path = Images.xcassets; sourceTree = "<group>"; };
		881C543D196F4DA400B5BBC9 /* FourUnit_FirstPracticeTests.xctest */ = {isa = PBXFileReference; explicitFileType = wrapper.cfbundle; includeInIndex = 0; path = FourUnit_FirstPracticeTests.xctest; sourceTree = BUILT_PRODUCTS_DIR; };
		881C5442196F4DA400B5BBC9 /* Info.plist */ = {isa = PBXFileReference; lastKnownFileType = text.plist.xml; path = Info.plist; sourceTree = "<group>"; };
		881C5443196F4DA400B5BBC9 /* FourUnit_FirstPracticeTests.m */ = {isa = PBXFileReference; lastKnownFileType = sourcecode.c.objc; path = FourUnit_FirstPracticeTests.m; sourceTree = "<group>"; };
		881C544D196F4E0000B5BBC9 /* RestaurantGuidesTableViewController.h */ = {isa = PBXFileReference; fileEncoding = 4; lastKnownFileType = sourcecode.c.h; path = RestaurantGuidesTableViewController.h; sourceTree = "<group>"; };
		881C544E196F4E0000B5BBC9 /* RestaurantGuidesTableViewController.m */ = {isa = PBXFileReference; fileEncoding = 4; lastKnownFileType = sourcecode.c.objc; path = RestaurantGuidesTableViewController.m; sourceTree = "<group>"; };
		881C544F196F4E0000B5BBC9 /* CreateRestaurantGuideViewController.h */ = {isa = PBXFileReference; fileEncoding = 4; lastKnownFileType = sourcecode.c.h; path = CreateRestaurantGuideViewController.h; sourceTree = "<group>"; };
		881C5450196F4E0000B5BBC9 /* CreateRestaurantGuideViewController.m */ = {isa = PBXFileReference; fileEncoding = 4; lastKnownFileType = sourcecode.c.objc; path = CreateRestaurantGuideViewController.m; sourceTree = "<group>"; };
		881C5451196F4E0000B5BBC9 /* DetailRestauranGuideViewController.h */ = {isa = PBXFileReference; fileEncoding = 4; lastKnownFileType = sourcecode.c.h; path = DetailRestauranGuideViewController.h; sourceTree = "<group>"; };
		881C5452196F4E0000B5BBC9 /* DetailRestauranGuideViewController.m */ = {isa = PBXFileReference; fileEncoding = 4; lastKnownFileType = sourcecode.c.objc; path = DetailRestauranGuideViewController.m; sourceTree = "<group>"; };
		881C5456196F557A00B5BBC9 /* Commons.xcodeproj */ = {isa = PBXFileReference; lastKnownFileType = "wrapper.pb-project"; name = Commons.xcodeproj; path = ../Commons/Commons.xcodeproj; sourceTree = "<group>"; };
/* End PBXFileReference section */

/* Begin PBXFrameworksBuildPhase section */
		881C5424196F4DA400B5BBC9 /* Frameworks */ = {
			isa = PBXFrameworksBuildPhase;
			buildActionMask = 2147483647;
			files = (
				881C5461196F558900B5BBC9 /* libCommons.a in Frameworks */,
			);
			runOnlyForDeploymentPostprocessing = 0;
		};
		881C543A196F4DA400B5BBC9 /* Frameworks */ = {
			isa = PBXFrameworksBuildPhase;
			buildActionMask = 2147483647;
			files = (
			);
			runOnlyForDeploymentPostprocessing = 0;
		};
/* End PBXFrameworksBuildPhase section */

/* Begin PBXGroup section */
		881C541E196F4DA400B5BBC9 = {
			isa = PBXGroup;
			children = (
				881C5456196F557A00B5BBC9 /* Commons.xcodeproj */,
				881C5429196F4DA400B5BBC9 /* FourUnit_FirstPractice */,
				881C5440196F4DA400B5BBC9 /* FourUnit_FirstPracticeTests */,
				881C5428196F4DA400B5BBC9 /* Products */,
			);
			sourceTree = "<group>";
		};
		881C5428196F4DA400B5BBC9 /* Products */ = {
			isa = PBXGroup;
			children = (
				881C5427196F4DA400B5BBC9 /* FourUnit_FirstPractice.app */,
				881C543D196F4DA400B5BBC9 /* FourUnit_FirstPracticeTests.xctest */,
			);
			name = Products;
			sourceTree = "<group>";
		};
		881C5429196F4DA400B5BBC9 /* FourUnit_FirstPractice */ = {
			isa = PBXGroup;
			children = (
				881C544D196F4E0000B5BBC9 /* RestaurantGuidesTableViewController.h */,
				881C544E196F4E0000B5BBC9 /* RestaurantGuidesTableViewController.m */,
				881C544F196F4E0000B5BBC9 /* CreateRestaurantGuideViewController.h */,
				881C5450196F4E0000B5BBC9 /* CreateRestaurantGuideViewController.m */,
				881C5451196F4E0000B5BBC9 /* DetailRestauranGuideViewController.h */,
				881C5452196F4E0000B5BBC9 /* DetailRestauranGuideViewController.m */,
				881C542E196F4DA400B5BBC9 /* AppDelegate.h */,
				881C542F196F4DA400B5BBC9 /* AppDelegate.m */,
				881C5434196F4DA400B5BBC9 /* Main.storyboard */,
				881C5437196F4DA400B5BBC9 /* Images.xcassets */,
				881C542A196F4DA400B5BBC9 /* Supporting Files */,
			);
			path = FourUnit_FirstPractice;
			sourceTree = "<group>";
		};
		881C542A196F4DA400B5BBC9 /* Supporting Files */ = {
			isa = PBXGroup;
			children = (
				881C542B196F4DA400B5BBC9 /* Info.plist */,
				881C542C196F4DA400B5BBC9 /* main.m */,
			);
			name = "Supporting Files";
			sourceTree = "<group>";
		};
		881C5440196F4DA400B5BBC9 /* FourUnit_FirstPracticeTests */ = {
			isa = PBXGroup;
			children = (
				881C5443196F4DA400B5BBC9 /* FourUnit_FirstPracticeTests.m */,
				881C5441196F4DA400B5BBC9 /* Supporting Files */,
			);
			path = FourUnit_FirstPracticeTests;
			sourceTree = "<group>";
		};
		881C5441196F4DA400B5BBC9 /* Supporting Files */ = {
			isa = PBXGroup;
			children = (
				881C5442196F4DA400B5BBC9 /* Info.plist */,
			);
			name = "Supporting Files";
			sourceTree = "<group>";
		};
		881C5457196F557A00B5BBC9 /* Products */ = {
			isa = PBXGroup;
			children = (
				881C545C196F557A00B5BBC9 /* libCommons.a */,
				881C545E196F557A00B5BBC9 /* CommonsTests.xctest */,
			);
			name = Products;
			sourceTree = "<group>";
		};
/* End PBXGroup section */

/* Begin PBXNativeTarget section */
		881C5426196F4DA400B5BBC9 /* FourUnit_FirstPractice */ = {
			isa = PBXNativeTarget;
			buildConfigurationList = 881C5447196F4DA400B5BBC9 /* Build configuration list for PBXNativeTarget "FourUnit_FirstPractice" */;
			buildPhases = (
				881C5423196F4DA400B5BBC9 /* Sources */,
				881C5424196F4DA400B5BBC9 /* Frameworks */,
				881C5425196F4DA400B5BBC9 /* Resources */,
			);
			buildRules = (
			);
			dependencies = (
				881C5460196F558400B5BBC9 /* PBXTargetDependency */,
			);
			name = FourUnit_FirstPractice;
			productName = FourUnit_FirstPractice;
			productReference = 881C5427196F4DA400B5BBC9 /* FourUnit_FirstPractice.app */;
			productType = "com.apple.product-type.application";
		};
		881C543C196F4DA400B5BBC9 /* FourUnit_FirstPracticeTests */ = {
			isa = PBXNativeTarget;
			buildConfigurationList = 881C544A196F4DA400B5BBC9 /* Build configuration list for PBXNativeTarget "FourUnit_FirstPracticeTests" */;
			buildPhases = (
				881C5439196F4DA400B5BBC9 /* Sources */,
				881C543A196F4DA400B5BBC9 /* Frameworks */,
				881C543B196F4DA400B5BBC9 /* Resources */,
			);
			buildRules = (
			);
			dependencies = (
				881C543F196F4DA400B5BBC9 /* PBXTargetDependency */,
			);
			name = FourUnit_FirstPracticeTests;
			productName = FourUnit_FirstPracticeTests;
			productReference = 881C543D196F4DA400B5BBC9 /* FourUnit_FirstPracticeTests.xctest */;
			productType = "com.apple.product-type.bundle.unit-test";
		};
/* End PBXNativeTarget section */

/* Begin PBXProject section */
		881C541F196F4DA400B5BBC9 /* Project object */ = {
			isa = PBXProject;
			attributes = {
				LastUpgradeCheck = 0600;
				ORGANIZATIONNAME = Seas;
				TargetAttributes = {
					881C5426196F4DA400B5BBC9 = {
						CreatedOnToolsVersion = 6.0;
					};
					881C543C196F4DA400B5BBC9 = {
						CreatedOnToolsVersion = 6.0;
						TestTargetID = 881C5426196F4DA400B5BBC9;
					};
				};
			};
			buildConfigurationList = 881C5422196F4DA400B5BBC9 /* Build configuration list for PBXProject "FourUnit_FirstPractice" */;
			compatibilityVersion = "Xcode 3.2";
			developmentRegion = English;
			hasScannedForEncodings = 0;
			knownRegions = (
				en,
				Base,
			);
			mainGroup = 881C541E196F4DA400B5BBC9;
			productRefGroup = 881C5428196F4DA400B5BBC9 /* Products */;
			projectDirPath = "";
			projectReferences = (
				{
					ProductGroup = 881C5457196F557A00B5BBC9 /* Products */;
					ProjectRef = 881C5456196F557A00B5BBC9 /* Commons.xcodeproj */;
				},
			);
			projectRoot = "";
			targets = (
				881C5426196F4DA400B5BBC9 /* FourUnit_FirstPractice */,
				881C543C196F4DA400B5BBC9 /* FourUnit_FirstPracticeTests */,
			);
		};
/* End PBXProject section */

/* Begin PBXReferenceProxy section */
		881C545C196F557A00B5BBC9 /* libCommons.a */ = {
			isa = PBXReferenceProxy;
			fileType = archive.ar;
			path = libCommons.a;
			remoteRef = 881C545B196F557A00B5BBC9 /* PBXContainerItemProxy */;
			sourceTree = BUILT_PRODUCTS_DIR;
		};
		881C545E196F557A00B5BBC9 /* CommonsTests.xctest */ = {
			isa = PBXReferenceProxy;
			fileType = wrapper.cfbundle;
			path = CommonsTests.xctest;
			remoteRef = 881C545D196F557A00B5BBC9 /* PBXContainerItemProxy */;
			sourceTree = BUILT_PRODUCTS_DIR;
		};
/* End PBXReferenceProxy section */

/* Begin PBXResourcesBuildPhase section */
		881C5425196F4DA400B5BBC9 /* Resources */ = {
			isa = PBXResourcesBuildPhase;
			buildActionMask = 2147483647;
			files = (
				881C5436196F4DA400B5BBC9 /* Main.storyboard in Resources */,
				881C5438196F4DA400B5BBC9 /* Images.xcassets in Resources */,
			);
			runOnlyForDeploymentPostprocessing = 0;
		};
		881C543B196F4DA400B5BBC9 /* Resources */ = {
			isa = PBXResourcesBuildPhase;
			buildActionMask = 2147483647;
			files = (
			);
			runOnlyForDeploymentPostprocessing = 0;
		};
/* End PBXResourcesBuildPhase section */

/* Begin PBXSourcesBuildPhase section */
		881C5423196F4DA400B5BBC9 /* Sources */ = {
			isa = PBXSourcesBuildPhase;
			buildActionMask = 2147483647;
			files = (
				881C5454196F4E0000B5BBC9 /* CreateRestaurantGuideViewController.m in Sources */,
				881C5455196F4E0000B5BBC9 /* DetailRestauranGuideViewController.m in Sources */,
				881C5453196F4E0000B5BBC9 /* RestaurantGuidesTableViewController.m in Sources */,
				881C5430196F4DA400B5BBC9 /* AppDelegate.m in Sources */,
				881C542D196F4DA400B5BBC9 /* main.m in Sources */,
			);
			runOnlyForDeploymentPostprocessing = 0;
		};
		881C5439196F4DA400B5BBC9 /* Sources */ = {
			isa = PBXSourcesBuildPhase;
			buildActionMask = 2147483647;
			files = (
				881C5444196F4DA400B5BBC9 /* FourUnit_FirstPracticeTests.m in Sources */,
			);
			runOnlyForDeploymentPostprocessing = 0;
		};
/* End PBXSourcesBuildPhase section */

/* Begin PBXTargetDependency section */
		881C543F196F4DA400B5BBC9 /* PBXTargetDependency */ = {
			isa = PBXTargetDependency;
			target = 881C5426196F4DA400B5BBC9 /* FourUnit_FirstPractice */;
			targetProxy = 881C543E196F4DA400B5BBC9 /* PBXContainerItemProxy */;
		};
		881C5460196F558400B5BBC9 /* PBXTargetDependency */ = {
			isa = PBXTargetDependency;
			name = Commons;
			targetProxy = 881C545F196F558400B5BBC9 /* PBXContainerItemProxy */;
		};
/* End PBXTargetDependency section */

/* Begin PBXVariantGroup section */
		881C5434196F4DA400B5BBC9 /* Main.storyboard */ = {
			isa = PBXVariantGroup;
			children = (
				881C5435196F4DA400B5BBC9 /* Base */,
			);
			name = Main.storyboard;
			sourceTree = "<group>";
		};
/* End PBXVariantGroup section */

/* Begin XCBuildConfiguration section */
		881C5445196F4DA400B5BBC9 /* Debug */ = {
			isa = XCBuildConfiguration;
			buildSettings = {
				ALWAYS_SEARCH_USER_PATHS = NO;
				CLANG_CXX_LANGUAGE_STANDARD = "gnu++0x";
				CLANG_CXX_LIBRARY = "libc++";
				CLANG_ENABLE_MODULES = YES;
				CLANG_ENABLE_OBJC_ARC = YES;
				CLANG_WARN_BOOL_CONVERSION = YES;
				CLANG_WARN_CONSTANT_CONVERSION = YES;
				CLANG_WARN_DIRECT_OBJC_ISA_USAGE = YES_ERROR;
				CLANG_WARN_EMPTY_BODY = YES;
				CLANG_WARN_ENUM_CONVERSION = YES;
				CLANG_WARN_INT_CONVERSION = YES;
				CLANG_WARN_OBJC_ROOT_CLASS = YES_ERROR;
				CLANG_WARN_UNREACHABLE_CODE = YES;
				CLANG_WARN__DUPLICATE_METHOD_MATCH = YES;
				"CODE_SIGN_IDENTITY[sdk=iphoneos*]" = "iPhone Developer";
				COPY_PHASE_STRIP = NO;
				ENABLE_STRICT_OBJC_MSGSEND = YES;
				GCC_C_LANGUAGE_STANDARD = gnu99;
				GCC_DYNAMIC_NO_PIC = NO;
				GCC_OPTIMIZATION_LEVEL = 0;
				GCC_PREPROCESSOR_DEFINITIONS = (
					"DEBUG=1",
					"$(inherited)",
				);
				GCC_SYMBOLS_PRIVATE_EXTERN = NO;
				GCC_WARN_64_TO_32_BIT_CONVERSION = YES;
				GCC_WARN_ABOUT_RETURN_TYPE = YES_ERROR;
				GCC_WARN_UNDECLARED_SELECTOR = YES;
				GCC_WARN_UNINITIALIZED_AUTOS = YES_AGGRESSIVE;
				GCC_WARN_UNUSED_FUNCTION = YES;
				GCC_WARN_UNUSED_VARIABLE = YES;
				IPHONEOS_DEPLOYMENT_TARGET = 8.0;
				MTL_ENABLE_DEBUG_INFO = YES;
				ONLY_ACTIVE_ARCH = YES;
				SDKROOT = iphoneos;
			};
			name = Debug;
		};
		881C5446196F4DA400B5BBC9 /* Release */ = {
			isa = XCBuildConfiguration;
			buildSettings = {
				ALWAYS_SEARCH_USER_PATHS = NO;
				CLANG_CXX_LANGUAGE_STANDARD = "gnu++0x";
				CLANG_CXX_LIBRARY = "libc++";
				CLANG_ENABLE_MODULES = YES;
				CLANG_ENABLE_OBJC_ARC = YES;
				CLANG_WARN_BOOL_CONVERSION = YES;
				CLANG_WARN_CONSTANT_CONVERSION = YES;
				CLANG_WARN_DIRECT_OBJC_ISA_USAGE = YES_ERROR;
				CLANG_WARN_EMPTY_BODY = YES;
				CLANG_WARN_ENUM_CONVERSION = YES;
				CLANG_WARN_INT_CONVERSION = YES;
				CLANG_WARN_OBJC_ROOT_CLASS = YES_ERROR;
				CLANG_WARN_UNREACHABLE_CODE = YES;
				CLANG_WARN__DUPLICATE_METHOD_MATCH = YES;
				"CODE_SIGN_IDENTITY[sdk=iphoneos*]" = "iPhone Developer";
				COPY_PHASE_STRIP = YES;
				ENABLE_NS_ASSERTIONS = NO;
				ENABLE_STRICT_OBJC_MSGSEND = YES;
				GCC_C_LANGUAGE_STANDARD = gnu99;
				GCC_WARN_64_TO_32_BIT_CONVERSION = YES;
				GCC_WARN_ABOUT_RETURN_TYPE = YES_ERROR;
				GCC_WARN_UNDECLARED_SELECTOR = YES;
				GCC_WARN_UNINITIALIZED_AUTOS = YES_AGGRESSIVE;
				GCC_WARN_UNUSED_FUNCTION = YES;
				GCC_WARN_UNUSED_VARIABLE = YES;
				IPHONEOS_DEPLOYMENT_TARGET = 8.0;
				MTL_ENABLE_DEBUG_INFO = NO;
				SDKROOT = iphoneos;
				VALIDATE_PRODUCT = YES;
			};
			name = Release;
		};
		881C5448196F4DA400B5BBC9 /* Debug */ = {
			isa = XCBuildConfiguration;
			buildSettings = {
				ASSETCATALOG_COMPILER_APPICON_NAME = AppIcon;
				ASSETCATALOG_COMPILER_LAUNCHIMAGE_NAME = LaunchImage;
				INFOPLIST_FILE = FourUnit_FirstPractice/Info.plist;
				IPHONEOS_DEPLOYMENT_TARGET = 7.0;
				LD_RUNPATH_SEARCH_PATHS = "$(inherited) @executable_path/Frameworks";
				OTHER_LDFLAGS = "-ObjC";
				PRODUCT_NAME = "$(TARGET_NAME)";
			};
			name = Debug;
		};
		881C5449196F4DA400B5BBC9 /* Release */ = {
			isa = XCBuildConfiguration;
			buildSettings = {
				ASSETCATALOG_COMPILER_APPICON_NAME = AppIcon;
				ASSETCATALOG_COMPILER_LAUNCHIMAGE_NAME = LaunchImage;
				INFOPLIST_FILE = FourUnit_FirstPractice/Info.plist;
				IPHONEOS_DEPLOYMENT_TARGET = 7.0;
				LD_RUNPATH_SEARCH_PATHS = "$(inherited) @executable_path/Frameworks";
				OTHER_LDFLAGS = "-ObjC";
				PRODUCT_NAME = "$(TARGET_NAME)";
			};
			name = Release;
		};
		881C544B196F4DA400B5BBC9 /* Debug */ = {
			isa = XCBuildConfiguration;
			buildSettings = {
				BUNDLE_LOADER = "$(BUILT_PRODUCTS_DIR)/FourUnit_FirstPractice.app/FourUnit_FirstPractice";
				FRAMEWORK_SEARCH_PATHS = (
					"$(SDKROOT)/Developer/Library/Frameworks",
					"$(inherited)",
				);
				GCC_PREPROCESSOR_DEFINITIONS = (
					"DEBUG=1",
					"$(inherited)",
				);
				INFOPLIST_FILE = FourUnit_FirstPracticeTests/Info.plist;
				LD_RUNPATH_SEARCH_PATHS = "$(inherited) @executable_path/Frameworks @loader_path/Frameworks";
				PRODUCT_NAME = "$(TARGET_NAME)";
				TEST_HOST = "$(BUNDLE_LOADER)";
			};
			name = Debug;
		};
		881C544C196F4DA400B5BBC9 /* Release */ = {
			isa = XCBuildConfiguration;
			buildSettings = {
				BUNDLE_LOADER = "$(BUILT_PRODUCTS_DIR)/FourUnit_FirstPractice.app/FourUnit_FirstPractice";
				FRAMEWORK_SEARCH_PATHS = (
					"$(SDKROOT)/Developer/Library/Frameworks",
					"$(inherited)",
				);
				INFOPLIST_FILE = FourUnit_FirstPracticeTests/Info.plist;
				LD_RUNPATH_SEARCH_PATHS = "$(inherited) @executable_path/Frameworks @loader_path/Frameworks";
				PRODUCT_NAME = "$(TARGET_NAME)";
				TEST_HOST = "$(BUNDLE_LOADER)";
			};
			name = Release;
		};
/* End XCBuildConfiguration section */

/* Begin XCConfigurationList section */
		881C5422196F4DA400B5BBC9 /* Build configuration list for PBXProject "FourUnit_FirstPractice" */ = {
			isa = XCConfigurationList;
			buildConfigurations = (
				881C5445196F4DA400B5BBC9 /* Debug */,
				881C5446196F4DA400B5BBC9 /* Release */,
			);
			defaultConfigurationIsVisible = 0;
			defaultConfigurationName = Release;
		};
		881C5447196F4DA400B5BBC9 /* Build configuration list for PBXNativeTarget "FourUnit_FirstPractice" */ = {
			isa = XCConfigurationList;
			buildConfigurations = (
				881C5448196F4DA400B5BBC9 /* Debug */,
				881C5449196F4DA400B5BBC9 /* Release */,
			);
			defaultConfigurationIsVisible = 0;
			defaultConfigurationName = Release;
		};
		881C544A196F4DA400B5BBC9 /* Build configuration list for PBXNativeTarget "FourUnit_FirstPracticeTests" */ = {
			isa = XCConfigurationList;
			buildConfigurations = (
				881C544B196F4DA400B5BBC9 /* Debug */,
				881C544C196F4DA400B5BBC9 /* Release */,
			);
			defaultConfigurationIsVisible = 0;
			defaultConfigurationName = Release;
		};
/* End XCConfigurationList section */
	};
	rootObject = 881C541F196F4DA400B5BBC9 /* Project object */;
}
