// !$*UTF8*$!
{
	archiveVersion = 1;
	classes = {
	};
	objectVersion = 46;
	objects = {

/* Begin PBXBuildFile section */
		82470BA81965B972000820DE /* main.m in Sources */ = {isa = PBXBuildFile; fileRef = 82470BA71965B972000820DE /* main.m */; };
		82470BAB1965B972000820DE /* AppDelegate.m in Sources */ = {isa = PBXBuildFile; fileRef = 82470BAA1965B972000820DE /* AppDelegate.m */; };
		82470BAE1965B972000820DE /* ViewController.m in Sources */ = {isa = PBXBuildFile; fileRef = 82470BAD1965B972000820DE /* ViewController.m */; };
		82470BB11965B972000820DE /* Main.storyboard in Resources */ = {isa = PBXBuildFile; fileRef = 82470BAF1965B972000820DE /* Main.storyboard */; };
		82470BB31965B972000820DE /* Images.xcassets in Resources */ = {isa = PBXBuildFile; fileRef = 82470BB21965B972000820DE /* Images.xcassets */; };
		82470BBF1965B972000820DE /* FirstUnitTests.m in Sources */ = {isa = PBXBuildFile; fileRef = 82470BBE1965B972000820DE /* FirstUnitTests.m */; };
/* End PBXBuildFile section */

/* Begin PBXContainerItemProxy section */
		82470BB91965B972000820DE /* PBXContainerItemProxy */ = {
			isa = PBXContainerItemProxy;
			containerPortal = 82470B9A1965B972000820DE /* Project object */;
			proxyType = 1;
			remoteGlobalIDString = 82470BA11965B972000820DE;
			remoteInfo = FirstUnit;
		};
/* End PBXContainerItemProxy section */

/* Begin PBXFileReference section */
		82470BA21965B972000820DE /* FirstUnit.app */ = {isa = PBXFileReference; explicitFileType = wrapper.application; includeInIndex = 0; path = FirstUnit.app; sourceTree = BUILT_PRODUCTS_DIR; };
		82470BA61965B972000820DE /* Info.plist */ = {isa = PBXFileReference; lastKnownFileType = text.plist.xml; path = Info.plist; sourceTree = "<group>"; };
		82470BA71965B972000820DE /* main.m */ = {isa = PBXFileReference; lastKnownFileType = sourcecode.c.objc; path = main.m; sourceTree = "<group>"; };
		82470BA91965B972000820DE /* AppDelegate.h */ = {isa = PBXFileReference; lastKnownFileType = sourcecode.c.h; path = AppDelegate.h; sourceTree = "<group>"; };
		82470BAA1965B972000820DE /* AppDelegate.m */ = {isa = PBXFileReference; lastKnownFileType = sourcecode.c.objc; path = AppDelegate.m; sourceTree = "<group>"; };
		82470BAC1965B972000820DE /* ViewController.h */ = {isa = PBXFileReference; lastKnownFileType = sourcecode.c.h; path = ViewController.h; sourceTree = "<group>"; };
		82470BAD1965B972000820DE /* ViewController.m */ = {isa = PBXFileReference; lastKnownFileType = sourcecode.c.objc; path = ViewController.m; sourceTree = "<group>"; };
		82470BB01965B972000820DE /* Base */ = {isa = PBXFileReference; lastKnownFileType = file.storyboard; name = Base; path = Base.lproj/Main.storyboard; sourceTree = "<group>"; };
		82470BB21965B972000820DE /* Images.xcassets */ = {isa = PBXFileReference; lastKnownFileType = folder.assetcatalog; path = Images.xcassets; sourceTree = "<group>"; };
		82470BB81965B972000820DE /* FirstUnitTests.xctest */ = {isa = PBXFileReference; explicitFileType = wrapper.cfbundle; includeInIndex = 0; path = FirstUnitTests.xctest; sourceTree = BUILT_PRODUCTS_DIR; };
		82470BBD1965B972000820DE /* Info.plist */ = {isa = PBXFileReference; lastKnownFileType = text.plist.xml; path = Info.plist; sourceTree = "<group>"; };
		82470BBE1965B972000820DE /* FirstUnitTests.m */ = {isa = PBXFileReference; lastKnownFileType = sourcecode.c.objc; path = FirstUnitTests.m; sourceTree = "<group>"; };
/* End PBXFileReference section */

/* Begin PBXFrameworksBuildPhase section */
		82470B9F1965B972000820DE /* Frameworks */ = {
			isa = PBXFrameworksBuildPhase;
			buildActionMask = 2147483647;
			files = (
			);
			runOnlyForDeploymentPostprocessing = 0;
		};
		82470BB51965B972000820DE /* Frameworks */ = {
			isa = PBXFrameworksBuildPhase;
			buildActionMask = 2147483647;
			files = (
			);
			runOnlyForDeploymentPostprocessing = 0;
		};
/* End PBXFrameworksBuildPhase section */

/* Begin PBXGroup section */
		82470B991965B972000820DE = {
			isa = PBXGroup;
			children = (
				82470BA41965B972000820DE /* FirstUnit */,
				82470BBB1965B972000820DE /* FirstUnitTests */,
				82470BA31965B972000820DE /* Products */,
			);
			sourceTree = "<group>";
		};
		82470BA31965B972000820DE /* Products */ = {
			isa = PBXGroup;
			children = (
				82470BA21965B972000820DE /* FirstUnit.app */,
				82470BB81965B972000820DE /* FirstUnitTests.xctest */,
			);
			name = Products;
			sourceTree = "<group>";
		};
		82470BA41965B972000820DE /* FirstUnit */ = {
			isa = PBXGroup;
			children = (
				82470BA91965B972000820DE /* AppDelegate.h */,
				82470BAA1965B972000820DE /* AppDelegate.m */,
				82470BAC1965B972000820DE /* ViewController.h */,
				82470BAD1965B972000820DE /* ViewController.m */,
				82470BAF1965B972000820DE /* Main.storyboard */,
				82470BB21965B972000820DE /* Images.xcassets */,
				82470BA51965B972000820DE /* Supporting Files */,
			);
			path = FirstUnit;
			sourceTree = "<group>";
		};
		82470BA51965B972000820DE /* Supporting Files */ = {
			isa = PBXGroup;
			children = (
				82470BA61965B972000820DE /* Info.plist */,
				82470BA71965B972000820DE /* main.m */,
			);
			name = "Supporting Files";
			sourceTree = "<group>";
		};
		82470BBB1965B972000820DE /* FirstUnitTests */ = {
			isa = PBXGroup;
			children = (
				82470BBE1965B972000820DE /* FirstUnitTests.m */,
				82470BBC1965B972000820DE /* Supporting Files */,
			);
			path = FirstUnitTests;
			sourceTree = "<group>";
		};
		82470BBC1965B972000820DE /* Supporting Files */ = {
			isa = PBXGroup;
			children = (
				82470BBD1965B972000820DE /* Info.plist */,
			);
			name = "Supporting Files";
			sourceTree = "<group>";
		};
/* End PBXGroup section */

/* Begin PBXNativeTarget section */
		82470BA11965B972000820DE /* FirstUnit */ = {
			isa = PBXNativeTarget;
			buildConfigurationList = 82470BC21965B973000820DE /* Build configuration list for PBXNativeTarget "FirstUnit" */;
			buildPhases = (
				82470B9E1965B972000820DE /* Sources */,
				82470B9F1965B972000820DE /* Frameworks */,
				82470BA01965B972000820DE /* Resources */,
			);
			buildRules = (
			);
			dependencies = (
			);
			name = FirstUnit;
			productName = FirstUnit;
			productReference = 82470BA21965B972000820DE /* FirstUnit.app */;
			productType = "com.apple.product-type.application";
		};
		82470BB71965B972000820DE /* FirstUnitTests */ = {
			isa = PBXNativeTarget;
			buildConfigurationList = 82470BC51965B973000820DE /* Build configuration list for PBXNativeTarget "FirstUnitTests" */;
			buildPhases = (
				82470BB41965B972000820DE /* Sources */,
				82470BB51965B972000820DE /* Frameworks */,
				82470BB61965B972000820DE /* Resources */,
			);
			buildRules = (
			);
			dependencies = (
				82470BBA1965B972000820DE /* PBXTargetDependency */,
			);
			name = FirstUnitTests;
			productName = FirstUnitTests;
			productReference = 82470BB81965B972000820DE /* FirstUnitTests.xctest */;
			productType = "com.apple.product-type.bundle.unit-test";
		};
/* End PBXNativeTarget section */

/* Begin PBXProject section */
		82470B9A1965B972000820DE /* Project object */ = {
			isa = PBXProject;
			attributes = {
				LastUpgradeCheck = 0600;
				ORGANIZATIONNAME = Seas;
				TargetAttributes = {
					82470BA11965B972000820DE = {
						CreatedOnToolsVersion = 6.0;
					};
					82470BB71965B972000820DE = {
						CreatedOnToolsVersion = 6.0;
						TestTargetID = 82470BA11965B972000820DE;
					};
				};
			};
			buildConfigurationList = 82470B9D1965B972000820DE /* Build configuration list for PBXProject "FirstUnit" */;
			compatibilityVersion = "Xcode 3.2";
			developmentRegion = English;
			hasScannedForEncodings = 0;
			knownRegions = (
				en,
				Base,
			);
			mainGroup = 82470B991965B972000820DE;
			productRefGroup = 82470BA31965B972000820DE /* Products */;
			projectDirPath = "";
			projectRoot = "";
			targets = (
				82470BA11965B972000820DE /* FirstUnit */,
				82470BB71965B972000820DE /* FirstUnitTests */,
			);
		};
/* End PBXProject section */

/* Begin PBXResourcesBuildPhase section */
		82470BA01965B972000820DE /* Resources */ = {
			isa = PBXResourcesBuildPhase;
			buildActionMask = 2147483647;
			files = (
				82470BB11965B972000820DE /* Main.storyboard in Resources */,
				82470BB31965B972000820DE /* Images.xcassets in Resources */,
			);
			runOnlyForDeploymentPostprocessing = 0;
		};
		82470BB61965B972000820DE /* Resources */ = {
			isa = PBXResourcesBuildPhase;
			buildActionMask = 2147483647;
			files = (
			);
			runOnlyForDeploymentPostprocessing = 0;
		};
/* End PBXResourcesBuildPhase section */

/* Begin PBXSourcesBuildPhase section */
		82470B9E1965B972000820DE /* Sources */ = {
			isa = PBXSourcesBuildPhase;
			buildActionMask = 2147483647;
			files = (
				82470BAE1965B972000820DE /* ViewController.m in Sources */,
				82470BAB1965B972000820DE /* AppDelegate.m in Sources */,
				82470BA81965B972000820DE /* main.m in Sources */,
			);
			runOnlyForDeploymentPostprocessing = 0;
		};
		82470BB41965B972000820DE /* Sources */ = {
			isa = PBXSourcesBuildPhase;
			buildActionMask = 2147483647;
			files = (
				82470BBF1965B972000820DE /* FirstUnitTests.m in Sources */,
			);
			runOnlyForDeploymentPostprocessing = 0;
		};
/* End PBXSourcesBuildPhase section */

/* Begin PBXTargetDependency section */
		82470BBA1965B972000820DE /* PBXTargetDependency */ = {
			isa = PBXTargetDependency;
			target = 82470BA11965B972000820DE /* FirstUnit */;
			targetProxy = 82470BB91965B972000820DE /* PBXContainerItemProxy */;
		};
/* End PBXTargetDependency section */

/* Begin PBXVariantGroup section */
		82470BAF1965B972000820DE /* Main.storyboard */ = {
			isa = PBXVariantGroup;
			children = (
				82470BB01965B972000820DE /* Base */,
			);
			name = Main.storyboard;
			sourceTree = "<group>";
		};
/* End PBXVariantGroup section */

/* Begin XCBuildConfiguration section */
		82470BC01965B973000820DE /* Debug */ = {
			isa = XCBuildConfiguration;
			buildSettings = {
				ALWAYS_SEARCH_USER_PATHS = NO;
				CLANG_CXX_LANGUAGE_STANDARD = "gnu++0x";
				CLANG_CXX_LIBRARY = "libc++";
				CLANG_ENABLE_MODULES = YES;
				CLANG_ENABLE_OBJC_ARC = YES;
				CLANG_WARN_BOOL_CONVERSION = YES;
				CLANG_WARN_CONSTANT_CONVERSION = YES;
				CLANG_WARN_DIRECT_OBJC_ISA_USAGE = YES_ERROR;
				CLANG_WARN_EMPTY_BODY = YES;
				CLANG_WARN_ENUM_CONVERSION = YES;
				CLANG_WARN_INT_CONVERSION = YES;
				CLANG_WARN_OBJC_ROOT_CLASS = YES_ERROR;
				CLANG_WARN_UNREACHABLE_CODE = YES;
				CLANG_WARN__DUPLICATE_METHOD_MATCH = YES;
				"CODE_SIGN_IDENTITY[sdk=iphoneos*]" = "iPhone Developer";
				COPY_PHASE_STRIP = NO;
				ENABLE_STRICT_OBJC_MSGSEND = YES;
				GCC_C_LANGUAGE_STANDARD = gnu99;
				GCC_DYNAMIC_NO_PIC = NO;
				GCC_OPTIMIZATION_LEVEL = 0;
				GCC_PREPROCESSOR_DEFINITIONS = (
					"DEBUG=1",
					"$(inherited)",
				);
				GCC_SYMBOLS_PRIVATE_EXTERN = NO;
				GCC_WARN_64_TO_32_BIT_CONVERSION = YES;
				GCC_WARN_ABOUT_RETURN_TYPE = YES_ERROR;
				GCC_WARN_UNDECLARED_SELECTOR = YES;
				GCC_WARN_UNINITIALIZED_AUTOS = YES_AGGRESSIVE;
				GCC_WARN_UNUSED_FUNCTION = YES;
				GCC_WARN_UNUSED_VARIABLE = YES;
				IPHONEOS_DEPLOYMENT_TARGET = 8.0;
				METAL_ENABLE_DEBUG_INFO = YES;
				ONLY_ACTIVE_ARCH = YES;
				SDKROOT = iphoneos;
			};
			name = Debug;
		};
		82470BC11965B973000820DE /* Release */ = {
			isa = XCBuildConfiguration;
			buildSettings = {
				ALWAYS_SEARCH_USER_PATHS = NO;
				CLANG_CXX_LANGUAGE_STANDARD = "gnu++0x";
				CLANG_CXX_LIBRARY = "libc++";
				CLANG_ENABLE_MODULES = YES;
				CLANG_ENABLE_OBJC_ARC = YES;
				CLANG_WARN_BOOL_CONVERSION = YES;
				CLANG_WARN_CONSTANT_CONVERSION = YES;
				CLANG_WARN_DIRECT_OBJC_ISA_USAGE = YES_ERROR;
				CLANG_WARN_EMPTY_BODY = YES;
				CLANG_WARN_ENUM_CONVERSION = YES;
				CLANG_WARN_INT_CONVERSION = YES;
				CLANG_WARN_OBJC_ROOT_CLASS = YES_ERROR;
				CLANG_WARN_UNREACHABLE_CODE = YES;
				CLANG_WARN__DUPLICATE_METHOD_MATCH = YES;
				"CODE_SIGN_IDENTITY[sdk=iphoneos*]" = "iPhone Developer";
				COPY_PHASE_STRIP = YES;
				ENABLE_NS_ASSERTIONS = NO;
				ENABLE_STRICT_OBJC_MSGSEND = YES;
				GCC_C_LANGUAGE_STANDARD = gnu99;
				GCC_WARN_64_TO_32_BIT_CONVERSION = YES;
				GCC_WARN_ABOUT_RETURN_TYPE = YES_ERROR;
				GCC_WARN_UNDECLARED_SELECTOR = YES;
				GCC_WARN_UNINITIALIZED_AUTOS = YES_AGGRESSIVE;
				GCC_WARN_UNUSED_FUNCTION = YES;
				GCC_WARN_UNUSED_VARIABLE = YES;
				IPHONEOS_DEPLOYMENT_TARGET = 8.0;
				METAL_ENABLE_DEBUG_INFO = NO;
				SDKROOT = iphoneos;
				VALIDATE_PRODUCT = YES;
			};
			name = Release;
		};
		82470BC31965B973000820DE /* Debug */ = {
			isa = XCBuildConfiguration;
			buildSettings = {
				ASSETCATALOG_COMPILER_APPICON_NAME = AppIcon;
				ASSETCATALOG_COMPILER_LAUNCHIMAGE_NAME = LaunchImage;
				INFOPLIST_FILE = FirstUnit/Info.plist;
				LD_RUNPATH_SEARCH_PATHS = "$(inherited) @executable_path/Frameworks";
				PRODUCT_NAME = "$(TARGET_NAME)";
			};
			name = Debug;
		};
		82470BC41965B973000820DE /* Release */ = {
			isa = XCBuildConfiguration;
			buildSettings = {
				ASSETCATALOG_COMPILER_APPICON_NAME = AppIcon;
				ASSETCATALOG_COMPILER_LAUNCHIMAGE_NAME = LaunchImage;
				INFOPLIST_FILE = FirstUnit/Info.plist;
				LD_RUNPATH_SEARCH_PATHS = "$(inherited) @executable_path/Frameworks";
				PRODUCT_NAME = "$(TARGET_NAME)";
			};
			name = Release;
		};
		82470BC61965B973000820DE /* Debug */ = {
			isa = XCBuildConfiguration;
			buildSettings = {
				BUNDLE_LOADER = "$(BUILT_PRODUCTS_DIR)/FirstUnit.app/FirstUnit";
				FRAMEWORK_SEARCH_PATHS = (
					"$(SDKROOT)/Developer/Library/Frameworks",
					"$(inherited)",
				);
				GCC_PREPROCESSOR_DEFINITIONS = (
					"DEBUG=1",
					"$(inherited)",
				);
				INFOPLIST_FILE = FirstUnitTests/Info.plist;
				LD_RUNPATH_SEARCH_PATHS = "$(inherited) @executable_path/Frameworks @loader_path/Frameworks";
				METAL_ENABLE_DEBUG_INFO = YES;
				PRODUCT_NAME = "$(TARGET_NAME)";
				TEST_HOST = "$(BUNDLE_LOADER)";
			};
			name = Debug;
		};
		82470BC71965B973000820DE /* Release */ = {
			isa = XCBuildConfiguration;
			buildSettings = {
				BUNDLE_LOADER = "$(BUILT_PRODUCTS_DIR)/FirstUnit.app/FirstUnit";
				FRAMEWORK_SEARCH_PATHS = (
					"$(SDKROOT)/Developer/Library/Frameworks",
					"$(inherited)",
				);
				INFOPLIST_FILE = FirstUnitTests/Info.plist;
				LD_RUNPATH_SEARCH_PATHS = "$(inherited) @executable_path/Frameworks @loader_path/Frameworks";
				METAL_ENABLE_DEBUG_INFO = NO;
				PRODUCT_NAME = "$(TARGET_NAME)";
				TEST_HOST = "$(BUNDLE_LOADER)";
			};
			name = Release;
		};
/* End XCBuildConfiguration section */

/* Begin XCConfigurationList section */
		82470B9D1965B972000820DE /* Build configuration list for PBXProject "FirstUnit" */ = {
			isa = XCConfigurationList;
			buildConfigurations = (
				82470BC01965B973000820DE /* Debug */,
				82470BC11965B973000820DE /* Release */,
			);
			defaultConfigurationIsVisible = 0;
			defaultConfigurationName = Release;
		};
		82470BC21965B973000820DE /* Build configuration list for PBXNativeTarget "FirstUnit" */ = {
			isa = XCConfigurationList;
			buildConfigurations = (
				82470BC31965B973000820DE /* Debug */,
				82470BC41965B973000820DE /* Release */,
			);
			defaultConfigurationIsVisible = 0;
		};
		82470BC51965B973000820DE /* Build configuration list for PBXNativeTarget "FirstUnitTests" */ = {
			isa = XCConfigurationList;
			buildConfigurations = (
				82470BC61965B973000820DE /* Debug */,
				82470BC71965B973000820DE /* Release */,
			);
			defaultConfigurationIsVisible = 0;
		};
/* End XCConfigurationList section */
	};
	rootObject = 82470B9A1965B972000820DE /* Project object */;
}
