// !$*UTF8*$!
{
	archiveVersion = 1;
	classes = {
	};
	objectVersion = 46;
	objects = {

/* Begin PBXBuildFile section */
		881C53E9196F424D00B5BBC9 /* main.m in Sources */ = {isa = PBXBuildFile; fileRef = 881C53E8196F424D00B5BBC9 /* main.m */; };
		881C53EC196F424D00B5BBC9 /* AppDelegate.m in Sources */ = {isa = PBXBuildFile; fileRef = 881C53EB196F424D00B5BBC9 /* AppDelegate.m */; };
		881C53EF196F424D00B5BBC9 /* ViewController.m in Sources */ = {isa = PBXBuildFile; fileRef = 881C53EE196F424D00B5BBC9 /* ViewController.m */; };
		881C53F2196F424D00B5BBC9 /* Main.storyboard in Resources */ = {isa = PBXBuildFile; fileRef = 881C53F0196F424D00B5BBC9 /* Main.storyboard */; };
		881C53F4196F424D00B5BBC9 /* Images.xcassets in Resources */ = {isa = PBXBuildFile; fileRef = 881C53F3196F424D00B5BBC9 /* Images.xcassets */; };
		881C5400196F424D00B5BBC9 /* ThirdUnit_SecondPracticeTests.m in Sources */ = {isa = PBXBuildFile; fileRef = 881C53FF196F424D00B5BBC9 /* ThirdUnit_SecondPracticeTests.m */; };
		881C540F196F429B00B5BBC9 /* RestaurantGuidesTableViewController.m in Sources */ = {isa = PBXBuildFile; fileRef = 881C540A196F429B00B5BBC9 /* RestaurantGuidesTableViewController.m */; };
		881C5410196F429B00B5BBC9 /* CreateRestaurantGuideViewController.m in Sources */ = {isa = PBXBuildFile; fileRef = 881C540C196F429B00B5BBC9 /* CreateRestaurantGuideViewController.m */; };
		881C5411196F429B00B5BBC9 /* DetailRestauranGuideViewController.m in Sources */ = {isa = PBXBuildFile; fileRef = 881C540E196F429B00B5BBC9 /* DetailRestauranGuideViewController.m */; };
		881C541D196F452700B5BBC9 /* libCommons.a in Frameworks */ = {isa = PBXBuildFile; fileRef = 881C5418196F451900B5BBC9 /* libCommons.a */; };
/* End PBXBuildFile section */

/* Begin PBXContainerItemProxy section */
		881C53FA196F424D00B5BBC9 /* PBXContainerItemProxy */ = {
			isa = PBXContainerItemProxy;
			containerPortal = 881C53DB196F424D00B5BBC9 /* Project object */;
			proxyType = 1;
			remoteGlobalIDString = 881C53E2196F424D00B5BBC9;
			remoteInfo = ThirdUnit_SecondPractice;
		};
		881C5417196F451900B5BBC9 /* PBXContainerItemProxy */ = {
			isa = PBXContainerItemProxy;
			containerPortal = 881C5412196F451900B5BBC9 /* Commons.xcodeproj */;
			proxyType = 2;
			remoteGlobalIDString = 8828052B196E984C008EC4AB;
			remoteInfo = Commons;
		};
		881C5419196F451900B5BBC9 /* PBXContainerItemProxy */ = {
			isa = PBXContainerItemProxy;
			containerPortal = 881C5412196F451900B5BBC9 /* Commons.xcodeproj */;
			proxyType = 2;
			remoteGlobalIDString = 88280536196E984C008EC4AB;
			remoteInfo = CommonsTests;
		};
		881C541B196F452300B5BBC9 /* PBXContainerItemProxy */ = {
			isa = PBXContainerItemProxy;
			containerPortal = 881C5412196F451900B5BBC9 /* Commons.xcodeproj */;
			proxyType = 1;
			remoteGlobalIDString = 8828052A196E984C008EC4AB;
			remoteInfo = Commons;
		};
/* End PBXContainerItemProxy section */

/* Begin PBXFileReference section */
		881C53E3196F424D00B5BBC9 /* ThirdUnit_SecondPractice.app */ = {isa = PBXFileReference; explicitFileType = wrapper.application; includeInIndex = 0; path = ThirdUnit_SecondPractice.app; sourceTree = BUILT_PRODUCTS_DIR; };
		881C53E7196F424D00B5BBC9 /* Info.plist */ = {isa = PBXFileReference; lastKnownFileType = text.plist.xml; path = Info.plist; sourceTree = "<group>"; };
		881C53E8196F424D00B5BBC9 /* main.m */ = {isa = PBXFileReference; lastKnownFileType = sourcecode.c.objc; path = main.m; sourceTree = "<group>"; };
		881C53EA196F424D00B5BBC9 /* AppDelegate.h */ = {isa = PBXFileReference; lastKnownFileType = sourcecode.c.h; path = AppDelegate.h; sourceTree = "<group>"; };
		881C53EB196F424D00B5BBC9 /* AppDelegate.m */ = {isa = PBXFileReference; lastKnownFileType = sourcecode.c.objc; path = AppDelegate.m; sourceTree = "<group>"; };
		881C53ED196F424D00B5BBC9 /* ViewController.h */ = {isa = PBXFileReference; lastKnownFileType = sourcecode.c.h; path = ViewController.h; sourceTree = "<group>"; };
		881C53EE196F424D00B5BBC9 /* ViewController.m */ = {isa = PBXFileReference; lastKnownFileType = sourcecode.c.objc; path = ViewController.m; sourceTree = "<group>"; };
		881C53F1196F424D00B5BBC9 /* Base */ = {isa = PBXFileReference; lastKnownFileType = file.storyboard; name = Base; path = Base.lproj/Main.storyboard; sourceTree = "<group>"; };
		881C53F3196F424D00B5BBC9 /* Images.xcassets */ = {isa = PBXFileReference; lastKnownFileType = folder.assetcatalog; path = Images.xcassets; sourceTree = "<group>"; };
		881C53F9196F424D00B5BBC9 /* ThirdUnit_SecondPracticeTests.xctest */ = {isa = PBXFileReference; explicitFileType = wrapper.cfbundle; includeInIndex = 0; path = ThirdUnit_SecondPracticeTests.xctest; sourceTree = BUILT_PRODUCTS_DIR; };
		881C53FE196F424D00B5BBC9 /* Info.plist */ = {isa = PBXFileReference; lastKnownFileType = text.plist.xml; path = Info.plist; sourceTree = "<group>"; };
		881C53FF196F424D00B5BBC9 /* ThirdUnit_SecondPracticeTests.m */ = {isa = PBXFileReference; lastKnownFileType = sourcecode.c.objc; path = ThirdUnit_SecondPracticeTests.m; sourceTree = "<group>"; };
		881C5409196F429B00B5BBC9 /* RestaurantGuidesTableViewController.h */ = {isa = PBXFileReference; fileEncoding = 4; lastKnownFileType = sourcecode.c.h; path = RestaurantGuidesTableViewController.h; sourceTree = "<group>"; };
		881C540A196F429B00B5BBC9 /* RestaurantGuidesTableViewController.m */ = {isa = PBXFileReference; fileEncoding = 4; lastKnownFileType = sourcecode.c.objc; path = RestaurantGuidesTableViewController.m; sourceTree = "<group>"; };
		881C540B196F429B00B5BBC9 /* CreateRestaurantGuideViewController.h */ = {isa = PBXFileReference; fileEncoding = 4; lastKnownFileType = sourcecode.c.h; path = CreateRestaurantGuideViewController.h; sourceTree = "<group>"; };
		881C540C196F429B00B5BBC9 /* CreateRestaurantGuideViewController.m */ = {isa = PBXFileReference; fileEncoding = 4; lastKnownFileType = sourcecode.c.objc; path = CreateRestaurantGuideViewController.m; sourceTree = "<group>"; };
		881C540D196F429B00B5BBC9 /* DetailRestauranGuideViewController.h */ = {isa = PBXFileReference; fileEncoding = 4; lastKnownFileType = sourcecode.c.h; path = DetailRestauranGuideViewController.h; sourceTree = "<group>"; };
		881C540E196F429B00B5BBC9 /* DetailRestauranGuideViewController.m */ = {isa = PBXFileReference; fileEncoding = 4; lastKnownFileType = sourcecode.c.objc; path = DetailRestauranGuideViewController.m; sourceTree = "<group>"; };
		881C5412196F451900B5BBC9 /* Commons.xcodeproj */ = {isa = PBXFileReference; lastKnownFileType = "wrapper.pb-project"; name = Commons.xcodeproj; path = ../Commons/Commons.xcodeproj; sourceTree = "<group>"; };
/* End PBXFileReference section */

/* Begin PBXFrameworksBuildPhase section */
		881C53E0196F424D00B5BBC9 /* Frameworks */ = {
			isa = PBXFrameworksBuildPhase;
			buildActionMask = 2147483647;
			files = (
				881C541D196F452700B5BBC9 /* libCommons.a in Frameworks */,
			);
			runOnlyForDeploymentPostprocessing = 0;
		};
		881C53F6196F424D00B5BBC9 /* Frameworks */ = {
			isa = PBXFrameworksBuildPhase;
			buildActionMask = 2147483647;
			files = (
			);
			runOnlyForDeploymentPostprocessing = 0;
		};
/* End PBXFrameworksBuildPhase section */

/* Begin PBXGroup section */
		881C53DA196F424D00B5BBC9 = {
			isa = PBXGroup;
			children = (
				881C5412196F451900B5BBC9 /* Commons.xcodeproj */,
				881C53E5196F424D00B5BBC9 /* ThirdUnit_SecondPractice */,
				881C53FC196F424D00B5BBC9 /* ThirdUnit_SecondPracticeTests */,
				881C53E4196F424D00B5BBC9 /* Products */,
			);
			sourceTree = "<group>";
		};
		881C53E4196F424D00B5BBC9 /* Products */ = {
			isa = PBXGroup;
			children = (
				881C53E3196F424D00B5BBC9 /* ThirdUnit_SecondPractice.app */,
				881C53F9196F424D00B5BBC9 /* ThirdUnit_SecondPracticeTests.xctest */,
			);
			name = Products;
			sourceTree = "<group>";
		};
		881C53E5196F424D00B5BBC9 /* ThirdUnit_SecondPractice */ = {
			isa = PBXGroup;
			children = (
				881C5409196F429B00B5BBC9 /* RestaurantGuidesTableViewController.h */,
				881C540A196F429B00B5BBC9 /* RestaurantGuidesTableViewController.m */,
				881C540B196F429B00B5BBC9 /* CreateRestaurantGuideViewController.h */,
				881C540C196F429B00B5BBC9 /* CreateRestaurantGuideViewController.m */,
				881C540D196F429B00B5BBC9 /* DetailRestauranGuideViewController.h */,
				881C540E196F429B00B5BBC9 /* DetailRestauranGuideViewController.m */,
				881C53EA196F424D00B5BBC9 /* AppDelegate.h */,
				881C53EB196F424D00B5BBC9 /* AppDelegate.m */,
				881C53ED196F424D00B5BBC9 /* ViewController.h */,
				881C53EE196F424D00B5BBC9 /* ViewController.m */,
				881C53F0196F424D00B5BBC9 /* Main.storyboard */,
				881C53F3196F424D00B5BBC9 /* Images.xcassets */,
				881C53E6196F424D00B5BBC9 /* Supporting Files */,
			);
			path = ThirdUnit_SecondPractice;
			sourceTree = "<group>";
		};
		881C53E6196F424D00B5BBC9 /* Supporting Files */ = {
			isa = PBXGroup;
			children = (
				881C53E7196F424D00B5BBC9 /* Info.plist */,
				881C53E8196F424D00B5BBC9 /* main.m */,
			);
			name = "Supporting Files";
			sourceTree = "<group>";
		};
		881C53FC196F424D00B5BBC9 /* ThirdUnit_SecondPracticeTests */ = {
			isa = PBXGroup;
			children = (
				881C53FF196F424D00B5BBC9 /* ThirdUnit_SecondPracticeTests.m */,
				881C53FD196F424D00B5BBC9 /* Supporting Files */,
			);
			path = ThirdUnit_SecondPracticeTests;
			sourceTree = "<group>";
		};
		881C53FD196F424D00B5BBC9 /* Supporting Files */ = {
			isa = PBXGroup;
			children = (
				881C53FE196F424D00B5BBC9 /* Info.plist */,
			);
			name = "Supporting Files";
			sourceTree = "<group>";
		};
		881C5413196F451900B5BBC9 /* Products */ = {
			isa = PBXGroup;
			children = (
				881C5418196F451900B5BBC9 /* libCommons.a */,
				881C541A196F451900B5BBC9 /* CommonsTests.xctest */,
			);
			name = Products;
			sourceTree = "<group>";
		};
/* End PBXGroup section */

/* Begin PBXNativeTarget section */
		881C53E2196F424D00B5BBC9 /* ThirdUnit_SecondPractice */ = {
			isa = PBXNativeTarget;
			buildConfigurationList = 881C5403196F424D00B5BBC9 /* Build configuration list for PBXNativeTarget "ThirdUnit_SecondPractice" */;
			buildPhases = (
				881C53DF196F424D00B5BBC9 /* Sources */,
				881C53E0196F424D00B5BBC9 /* Frameworks */,
				881C53E1196F424D00B5BBC9 /* Resources */,
			);
			buildRules = (
			);
			dependencies = (
				881C541C196F452300B5BBC9 /* PBXTargetDependency */,
			);
			name = ThirdUnit_SecondPractice;
			productName = ThirdUnit_SecondPractice;
			productReference = 881C53E3196F424D00B5BBC9 /* ThirdUnit_SecondPractice.app */;
			productType = "com.apple.product-type.application";
		};
		881C53F8196F424D00B5BBC9 /* ThirdUnit_SecondPracticeTests */ = {
			isa = PBXNativeTarget;
			buildConfigurationList = 881C5406196F424D00B5BBC9 /* Build configuration list for PBXNativeTarget "ThirdUnit_SecondPracticeTests" */;
			buildPhases = (
				881C53F5196F424D00B5BBC9 /* Sources */,
				881C53F6196F424D00B5BBC9 /* Frameworks */,
				881C53F7196F424D00B5BBC9 /* Resources */,
			);
			buildRules = (
			);
			dependencies = (
				881C53FB196F424D00B5BBC9 /* PBXTargetDependency */,
			);
			name = ThirdUnit_SecondPracticeTests;
			productName = ThirdUnit_SecondPracticeTests;
			productReference = 881C53F9196F424D00B5BBC9 /* ThirdUnit_SecondPracticeTests.xctest */;
			productType = "com.apple.product-type.bundle.unit-test";
		};
/* End PBXNativeTarget section */

/* Begin PBXProject section */
		881C53DB196F424D00B5BBC9 /* Project object */ = {
			isa = PBXProject;
			attributes = {
				LastUpgradeCheck = 0600;
				ORGANIZATIONNAME = Seas;
				TargetAttributes = {
					881C53E2196F424D00B5BBC9 = {
						CreatedOnToolsVersion = 6.0;
					};
					881C53F8196F424D00B5BBC9 = {
						CreatedOnToolsVersion = 6.0;
						TestTargetID = 881C53E2196F424D00B5BBC9;
					};
				};
			};
			buildConfigurationList = 881C53DE196F424D00B5BBC9 /* Build configuration list for PBXProject "ThirdUnit_SecondPractice" */;
			compatibilityVersion = "Xcode 3.2";
			developmentRegion = English;
			hasScannedForEncodings = 0;
			knownRegions = (
				en,
				Base,
			);
			mainGroup = 881C53DA196F424D00B5BBC9;
			productRefGroup = 881C53E4196F424D00B5BBC9 /* Products */;
			projectDirPath = "";
			projectReferences = (
				{
					ProductGroup = 881C5413196F451900B5BBC9 /* Products */;
					ProjectRef = 881C5412196F451900B5BBC9 /* Commons.xcodeproj */;
				},
			);
			projectRoot = "";
			targets = (
				881C53E2196F424D00B5BBC9 /* ThirdUnit_SecondPractice */,
				881C53F8196F424D00B5BBC9 /* ThirdUnit_SecondPracticeTests */,
			);
		};
/* End PBXProject section */

/* Begin PBXReferenceProxy section */
		881C5418196F451900B5BBC9 /* libCommons.a */ = {
			isa = PBXReferenceProxy;
			fileType = archive.ar;
			path = libCommons.a;
			remoteRef = 881C5417196F451900B5BBC9 /* PBXContainerItemProxy */;
			sourceTree = BUILT_PRODUCTS_DIR;
		};
		881C541A196F451900B5BBC9 /* CommonsTests.xctest */ = {
			isa = PBXReferenceProxy;
			fileType = wrapper.cfbundle;
			path = CommonsTests.xctest;
			remoteRef = 881C5419196F451900B5BBC9 /* PBXContainerItemProxy */;
			sourceTree = BUILT_PRODUCTS_DIR;
		};
/* End PBXReferenceProxy section */

/* Begin PBXResourcesBuildPhase section */
		881C53E1196F424D00B5BBC9 /* Resources */ = {
			isa = PBXResourcesBuildPhase;
			buildActionMask = 2147483647;
			files = (
				881C53F2196F424D00B5BBC9 /* Main.storyboard in Resources */,
				881C53F4196F424D00B5BBC9 /* Images.xcassets in Resources */,
			);
			runOnlyForDeploymentPostprocessing = 0;
		};
		881C53F7196F424D00B5BBC9 /* Resources */ = {
			isa = PBXResourcesBuildPhase;
			buildActionMask = 2147483647;
			files = (
			);
			runOnlyForDeploymentPostprocessing = 0;
		};
/* End PBXResourcesBuildPhase section */

/* Begin PBXSourcesBuildPhase section */
		881C53DF196F424D00B5BBC9 /* Sources */ = {
			isa = PBXSourcesBuildPhase;
			buildActionMask = 2147483647;
			files = (
				881C53EF196F424D00B5BBC9 /* ViewController.m in Sources */,
				881C5410196F429B00B5BBC9 /* CreateRestaurantGuideViewController.m in Sources */,
				881C5411196F429B00B5BBC9 /* DetailRestauranGuideViewController.m in Sources */,
				881C540F196F429B00B5BBC9 /* RestaurantGuidesTableViewController.m in Sources */,
				881C53EC196F424D00B5BBC9 /* AppDelegate.m in Sources */,
				881C53E9196F424D00B5BBC9 /* main.m in Sources */,
			);
			runOnlyForDeploymentPostprocessing = 0;
		};
		881C53F5196F424D00B5BBC9 /* Sources */ = {
			isa = PBXSourcesBuildPhase;
			buildActionMask = 2147483647;
			files = (
				881C5400196F424D00B5BBC9 /* ThirdUnit_SecondPracticeTests.m in Sources */,
			);
			runOnlyForDeploymentPostprocessing = 0;
		};
/* End PBXSourcesBuildPhase section */

/* Begin PBXTargetDependency section */
		881C53FB196F424D00B5BBC9 /* PBXTargetDependency */ = {
			isa = PBXTargetDependency;
			target = 881C53E2196F424D00B5BBC9 /* ThirdUnit_SecondPractice */;
			targetProxy = 881C53FA196F424D00B5BBC9 /* PBXContainerItemProxy */;
		};
		881C541C196F452300B5BBC9 /* PBXTargetDependency */ = {
			isa = PBXTargetDependency;
			name = Commons;
			targetProxy = 881C541B196F452300B5BBC9 /* PBXContainerItemProxy */;
		};
/* End PBXTargetDependency section */

/* Begin PBXVariantGroup section */
		881C53F0196F424D00B5BBC9 /* Main.storyboard */ = {
			isa = PBXVariantGroup;
			children = (
				881C53F1196F424D00B5BBC9 /* Base */,
			);
			name = Main.storyboard;
			sourceTree = "<group>";
		};
/* End PBXVariantGroup section */

/* Begin XCBuildConfiguration section */
		881C5401196F424D00B5BBC9 /* Debug */ = {
			isa = XCBuildConfiguration;
			buildSettings = {
				ALWAYS_SEARCH_USER_PATHS = NO;
				CLANG_CXX_LANGUAGE_STANDARD = "gnu++0x";
				CLANG_CXX_LIBRARY = "libc++";
				CLANG_ENABLE_MODULES = YES;
				CLANG_ENABLE_OBJC_ARC = YES;
				CLANG_WARN_BOOL_CONVERSION = YES;
				CLANG_WARN_CONSTANT_CONVERSION = YES;
				CLANG_WARN_DIRECT_OBJC_ISA_USAGE = YES_ERROR;
				CLANG_WARN_EMPTY_BODY = YES;
				CLANG_WARN_ENUM_CONVERSION = YES;
				CLANG_WARN_INT_CONVERSION = YES;
				CLANG_WARN_OBJC_ROOT_CLASS = YES_ERROR;
				CLANG_WARN_UNREACHABLE_CODE = YES;
				CLANG_WARN__DUPLICATE_METHOD_MATCH = YES;
				"CODE_SIGN_IDENTITY[sdk=iphoneos*]" = "iPhone Developer";
				COPY_PHASE_STRIP = NO;
				ENABLE_STRICT_OBJC_MSGSEND = YES;
				GCC_C_LANGUAGE_STANDARD = gnu99;
				GCC_DYNAMIC_NO_PIC = NO;
				GCC_OPTIMIZATION_LEVEL = 0;
				GCC_PREPROCESSOR_DEFINITIONS = (
					"DEBUG=1",
					"$(inherited)",
				);
				GCC_SYMBOLS_PRIVATE_EXTERN = NO;
				GCC_WARN_64_TO_32_BIT_CONVERSION = YES;
				GCC_WARN_ABOUT_RETURN_TYPE = YES_ERROR;
				GCC_WARN_UNDECLARED_SELECTOR = YES;
				GCC_WARN_UNINITIALIZED_AUTOS = YES_AGGRESSIVE;
				GCC_WARN_UNUSED_FUNCTION = YES;
				GCC_WARN_UNUSED_VARIABLE = YES;
				IPHONEOS_DEPLOYMENT_TARGET = 8.0;
				MTL_ENABLE_DEBUG_INFO = YES;
				ONLY_ACTIVE_ARCH = YES;
				SDKROOT = iphoneos;
			};
			name = Debug;
		};
		881C5402196F424D00B5BBC9 /* Release */ = {
			isa = XCBuildConfiguration;
			buildSettings = {
				ALWAYS_SEARCH_USER_PATHS = NO;
				CLANG_CXX_LANGUAGE_STANDARD = "gnu++0x";
				CLANG_CXX_LIBRARY = "libc++";
				CLANG_ENABLE_MODULES = YES;
				CLANG_ENABLE_OBJC_ARC = YES;
				CLANG_WARN_BOOL_CONVERSION = YES;
				CLANG_WARN_CONSTANT_CONVERSION = YES;
				CLANG_WARN_DIRECT_OBJC_ISA_USAGE = YES_ERROR;
				CLANG_WARN_EMPTY_BODY = YES;
				CLANG_WARN_ENUM_CONVERSION = YES;
				CLANG_WARN_INT_CONVERSION = YES;
				CLANG_WARN_OBJC_ROOT_CLASS = YES_ERROR;
				CLANG_WARN_UNREACHABLE_CODE = YES;
				CLANG_WARN__DUPLICATE_METHOD_MATCH = YES;
				"CODE_SIGN_IDENTITY[sdk=iphoneos*]" = "iPhone Developer";
				COPY_PHASE_STRIP = YES;
				ENABLE_NS_ASSERTIONS = NO;
				ENABLE_STRICT_OBJC_MSGSEND = YES;
				GCC_C_LANGUAGE_STANDARD = gnu99;
				GCC_WARN_64_TO_32_BIT_CONVERSION = YES;
				GCC_WARN_ABOUT_RETURN_TYPE = YES_ERROR;
				GCC_WARN_UNDECLARED_SELECTOR = YES;
				GCC_WARN_UNINITIALIZED_AUTOS = YES_AGGRESSIVE;
				GCC_WARN_UNUSED_FUNCTION = YES;
				GCC_WARN_UNUSED_VARIABLE = YES;
				IPHONEOS_DEPLOYMENT_TARGET = 8.0;
				MTL_ENABLE_DEBUG_INFO = NO;
				SDKROOT = iphoneos;
				VALIDATE_PRODUCT = YES;
			};
			name = Release;
		};
		881C5404196F424D00B5BBC9 /* Debug */ = {
			isa = XCBuildConfiguration;
			buildSettings = {
				ASSETCATALOG_COMPILER_APPICON_NAME = AppIcon;
				ASSETCATALOG_COMPILER_LAUNCHIMAGE_NAME = LaunchImage;
				INFOPLIST_FILE = ThirdUnit_SecondPractice/Info.plist;
				IPHONEOS_DEPLOYMENT_TARGET = 7.0;
				LD_RUNPATH_SEARCH_PATHS = "$(inherited) @executable_path/Frameworks";
				OTHER_LDFLAGS = "-ObjC";
				PRODUCT_NAME = "$(TARGET_NAME)";
			};
			name = Debug;
		};
		881C5405196F424D00B5BBC9 /* Release */ = {
			isa = XCBuildConfiguration;
			buildSettings = {
				ASSETCATALOG_COMPILER_APPICON_NAME = AppIcon;
				ASSETCATALOG_COMPILER_LAUNCHIMAGE_NAME = LaunchImage;
				INFOPLIST_FILE = ThirdUnit_SecondPractice/Info.plist;
				IPHONEOS_DEPLOYMENT_TARGET = 7.0;
				LD_RUNPATH_SEARCH_PATHS = "$(inherited) @executable_path/Frameworks";
				OTHER_LDFLAGS = "-ObjC";
				PRODUCT_NAME = "$(TARGET_NAME)";
			};
			name = Release;
		};
		881C5407196F424D00B5BBC9 /* Debug */ = {
			isa = XCBuildConfiguration;
			buildSettings = {
				BUNDLE_LOADER = "$(BUILT_PRODUCTS_DIR)/ThirdUnit_SecondPractice.app/ThirdUnit_SecondPractice";
				FRAMEWORK_SEARCH_PATHS = (
					"$(SDKROOT)/Developer/Library/Frameworks",
					"$(inherited)",
				);
				GCC_PREPROCESSOR_DEFINITIONS = (
					"DEBUG=1",
					"$(inherited)",
				);
				INFOPLIST_FILE = ThirdUnit_SecondPracticeTests/Info.plist;
				LD_RUNPATH_SEARCH_PATHS = "$(inherited) @executable_path/Frameworks @loader_path/Frameworks";
				PRODUCT_NAME = "$(TARGET_NAME)";
				TEST_HOST = "$(BUNDLE_LOADER)";
			};
			name = Debug;
		};
		881C5408196F424D00B5BBC9 /* Release */ = {
			isa = XCBuildConfiguration;
			buildSettings = {
				BUNDLE_LOADER = "$(BUILT_PRODUCTS_DIR)/ThirdUnit_SecondPractice.app/ThirdUnit_SecondPractice";
				FRAMEWORK_SEARCH_PATHS = (
					"$(SDKROOT)/Developer/Library/Frameworks",
					"$(inherited)",
				);
				INFOPLIST_FILE = ThirdUnit_SecondPracticeTests/Info.plist;
				LD_RUNPATH_SEARCH_PATHS = "$(inherited) @executable_path/Frameworks @loader_path/Frameworks";
				PRODUCT_NAME = "$(TARGET_NAME)";
				TEST_HOST = "$(BUNDLE_LOADER)";
			};
			name = Release;
		};
/* End XCBuildConfiguration section */

/* Begin XCConfigurationList section */
		881C53DE196F424D00B5BBC9 /* Build configuration list for PBXProject "ThirdUnit_SecondPractice" */ = {
			isa = XCConfigurationList;
			buildConfigurations = (
				881C5401196F424D00B5BBC9 /* Debug */,
				881C5402196F424D00B5BBC9 /* Release */,
			);
			defaultConfigurationIsVisible = 0;
			defaultConfigurationName = Release;
		};
		881C5403196F424D00B5BBC9 /* Build configuration list for PBXNativeTarget "ThirdUnit_SecondPractice" */ = {
			isa = XCConfigurationList;
			buildConfigurations = (
				881C5404196F424D00B5BBC9 /* Debug */,
				881C5405196F424D00B5BBC9 /* Release */,
			);
			defaultConfigurationIsVisible = 0;
			defaultConfigurationName = Release;
		};
		881C5406196F424D00B5BBC9 /* Build configuration list for PBXNativeTarget "ThirdUnit_SecondPracticeTests" */ = {
			isa = XCConfigurationList;
			buildConfigurations = (
				881C5407196F424D00B5BBC9 /* Debug */,
				881C5408196F424D00B5BBC9 /* Release */,
			);
			defaultConfigurationIsVisible = 0;
			defaultConfigurationName = Release;
		};
/* End XCConfigurationList section */
	};
	rootObject = 881C53DB196F424D00B5BBC9 /* Project object */;
}
